// !$*UTF8*$!
{
	archiveVersion = 1;
	classes = {
	};
	objectVersion = 46;
	objects = {

/* Begin PBXBuildFile section */
		33004C9918A8D33D003F3D0C /* Cocoa.framework in Frameworks */ = {isa = PBXBuildFile; fileRef = 33004C9818A8D33D003F3D0C /* Cocoa.framework */; };
		33004C9B18A8D33D003F3D0C /* SpriteKit.framework in Frameworks */ = {isa = PBXBuildFile; fileRef = 33004C9A18A8D33D003F3D0C /* SpriteKit.framework */; };
		33004CA518A8D33D003F3D0C /* InfoPlist.strings in Resources */ = {isa = PBXBuildFile; fileRef = 33004CA318A8D33D003F3D0C /* InfoPlist.strings */; };
		33004CA718A8D33D003F3D0C /* main.m in Sources */ = {isa = PBXBuildFile; fileRef = 33004CA618A8D33D003F3D0C /* main.m */; };
		33004CAB18A8D33D003F3D0C /* Credits.rtf in Resources */ = {isa = PBXBuildFile; fileRef = 33004CA918A8D33D003F3D0C /* Credits.rtf */; };
		33004CAD18A8D33D003F3D0C /* MainMenu.xib in Resources */ = {isa = PBXBuildFile; fileRef = 33004CAC18A8D33D003F3D0C /* MainMenu.xib */; };
		33004CAF18A8D33D003F3D0C /* SGG_MyScene.m in Sources */ = {isa = PBXBuildFile; fileRef = 33004CAE18A8D33D003F3D0C /* SGG_MyScene.m */; };
		33004CB218A8D33D003F3D0C /* SGG_AppDelegate.m in Sources */ = {isa = PBXBuildFile; fileRef = 33004CB118A8D33D003F3D0C /* SGG_AppDelegate.m */; };
		33004CB518A8D33D003F3D0C /* Spaceship.png in Resources */ = {isa = PBXBuildFile; fileRef = 33004CB418A8D33D003F3D0C /* Spaceship.png */; };
		33004CB718A8D33D003F3D0C /* Images.xcassets in Resources */ = {isa = PBXBuildFile; fileRef = 33004CB618A8D33D003F3D0C /* Images.xcassets */; };
		33004CBE18A8D33D003F3D0C /* XCTest.framework in Frameworks */ = {isa = PBXBuildFile; fileRef = 33004CBD18A8D33D003F3D0C /* XCTest.framework */; };
		33004CBF18A8D33D003F3D0C /* Cocoa.framework in Frameworks */ = {isa = PBXBuildFile; fileRef = 33004C9818A8D33D003F3D0C /* Cocoa.framework */; };
		33004CC718A8D33D003F3D0C /* InfoPlist.strings in Resources */ = {isa = PBXBuildFile; fileRef = 33004CC518A8D33D003F3D0C /* InfoPlist.strings */; };
		33004CC918A8D33D003F3D0C /* SpineTestingTests.m in Sources */ = {isa = PBXBuildFile; fileRef = 33004CC818A8D33D003F3D0C /* SpineTestingTests.m */; };
		33004CD818A8D365003F3D0C /* Foundation.framework in Frameworks */ = {isa = PBXBuildFile; fileRef = 33004CD718A8D365003F3D0C /* Foundation.framework */; };
		33004CDA18A8D365003F3D0C /* CoreGraphics.framework in Frameworks */ = {isa = PBXBuildFile; fileRef = 33004CD918A8D365003F3D0C /* CoreGraphics.framework */; };
		33004CDC18A8D365003F3D0C /* UIKit.framework in Frameworks */ = {isa = PBXBuildFile; fileRef = 33004CDB18A8D365003F3D0C /* UIKit.framework */; };
		33004CDD18A8D365003F3D0C /* SpriteKit.framework in Frameworks */ = {isa = PBXBuildFile; fileRef = 33004C9A18A8D33D003F3D0C /* SpriteKit.framework */; };
		33004CE318A8D365003F3D0C /* InfoPlist.strings in Resources */ = {isa = PBXBuildFile; fileRef = 33004CE118A8D365003F3D0C /* InfoPlist.strings */; };
		33004CE518A8D365003F3D0C /* main.m in Sources */ = {isa = PBXBuildFile; fileRef = 33004CE418A8D365003F3D0C /* main.m */; };
		33004CE918A8D365003F3D0C /* SGG_AppDelegate.m in Sources */ = {isa = PBXBuildFile; fileRef = 33004CE818A8D365003F3D0C /* SGG_AppDelegate.m */; };
		33004CEC18A8D365003F3D0C /* Main_iPhone.storyboard in Resources */ = {isa = PBXBuildFile; fileRef = 33004CEA18A8D365003F3D0C /* Main_iPhone.storyboard */; };
		33004CEF18A8D365003F3D0C /* Main_iPad.storyboard in Resources */ = {isa = PBXBuildFile; fileRef = 33004CED18A8D365003F3D0C /* Main_iPad.storyboard */; };
		33004CF218A8D365003F3D0C /* SGG_ViewController.m in Sources */ = {isa = PBXBuildFile; fileRef = 33004CF118A8D365003F3D0C /* SGG_ViewController.m */; };
		33004CFF18A8D366003F3D0C /* XCTest.framework in Frameworks */ = {isa = PBXBuildFile; fileRef = 33004CBD18A8D33D003F3D0C /* XCTest.framework */; };
		33004D0018A8D366003F3D0C /* Foundation.framework in Frameworks */ = {isa = PBXBuildFile; fileRef = 33004CD718A8D365003F3D0C /* Foundation.framework */; };
		33004D0118A8D366003F3D0C /* UIKit.framework in Frameworks */ = {isa = PBXBuildFile; fileRef = 33004CDB18A8D365003F3D0C /* UIKit.framework */; };
		33004D0918A8D366003F3D0C /* InfoPlist.strings in Resources */ = {isa = PBXBuildFile; fileRef = 33004D0718A8D366003F3D0C /* InfoPlist.strings */; };
		33004D0B18A8D366003F3D0C /* SpineTestingiOSTests.m in Sources */ = {isa = PBXBuildFile; fileRef = 33004D0A18A8D366003F3D0C /* SpineTestingiOSTests.m */; };
		33004D1418A8D398003F3D0C /* SGG_MyScene.m in Sources */ = {isa = PBXBuildFile; fileRef = 33004CAE18A8D33D003F3D0C /* SGG_MyScene.m */; };
		33004F8B18A8DD8F003F3D0C /* Animation.c in Sources */ = {isa = PBXBuildFile; fileRef = 33004F1818A8DD8F003F3D0C /* Animation.c */; };
		33004F8C18A8DD8F003F3D0C /* Animation.c in Sources */ = {isa = PBXBuildFile; fileRef = 33004F1818A8DD8F003F3D0C /* Animation.c */; };
		33004F8D18A8DD8F003F3D0C /* Animation.c in Sources */ = {isa = PBXBuildFile; fileRef = 33004F1818A8DD8F003F3D0C /* Animation.c */; };
		33004F8E18A8DD8F003F3D0C /* Animation.c in Sources */ = {isa = PBXBuildFile; fileRef = 33004F1818A8DD8F003F3D0C /* Animation.c */; };
		33004F8F18A8DD8F003F3D0C /* AnimationState.c in Sources */ = {isa = PBXBuildFile; fileRef = 33004F1918A8DD8F003F3D0C /* AnimationState.c */; };
		33004F9018A8DD8F003F3D0C /* AnimationState.c in Sources */ = {isa = PBXBuildFile; fileRef = 33004F1918A8DD8F003F3D0C /* AnimationState.c */; };
		33004F9118A8DD8F003F3D0C /* AnimationState.c in Sources */ = {isa = PBXBuildFile; fileRef = 33004F1918A8DD8F003F3D0C /* AnimationState.c */; };
		33004F9218A8DD8F003F3D0C /* AnimationState.c in Sources */ = {isa = PBXBuildFile; fileRef = 33004F1918A8DD8F003F3D0C /* AnimationState.c */; };
		33004F9318A8DD8F003F3D0C /* AnimationStateData.c in Sources */ = {isa = PBXBuildFile; fileRef = 33004F1A18A8DD8F003F3D0C /* AnimationStateData.c */; };
		33004F9418A8DD8F003F3D0C /* AnimationStateData.c in Sources */ = {isa = PBXBuildFile; fileRef = 33004F1A18A8DD8F003F3D0C /* AnimationStateData.c */; };
		33004F9518A8DD8F003F3D0C /* AnimationStateData.c in Sources */ = {isa = PBXBuildFile; fileRef = 33004F1A18A8DD8F003F3D0C /* AnimationStateData.c */; };
		33004F9618A8DD8F003F3D0C /* AnimationStateData.c in Sources */ = {isa = PBXBuildFile; fileRef = 33004F1A18A8DD8F003F3D0C /* AnimationStateData.c */; };
		33004F9718A8DD8F003F3D0C /* Atlas.c in Sources */ = {isa = PBXBuildFile; fileRef = 33004F1B18A8DD8F003F3D0C /* Atlas.c */; };
		33004F9818A8DD8F003F3D0C /* Atlas.c in Sources */ = {isa = PBXBuildFile; fileRef = 33004F1B18A8DD8F003F3D0C /* Atlas.c */; };
		33004F9918A8DD8F003F3D0C /* Atlas.c in Sources */ = {isa = PBXBuildFile; fileRef = 33004F1B18A8DD8F003F3D0C /* Atlas.c */; };
		33004F9A18A8DD8F003F3D0C /* Atlas.c in Sources */ = {isa = PBXBuildFile; fileRef = 33004F1B18A8DD8F003F3D0C /* Atlas.c */; };
		33004F9B18A8DD8F003F3D0C /* AtlasAttachmentLoader.c in Sources */ = {isa = PBXBuildFile; fileRef = 33004F1C18A8DD8F003F3D0C /* AtlasAttachmentLoader.c */; };
		33004F9C18A8DD8F003F3D0C /* AtlasAttachmentLoader.c in Sources */ = {isa = PBXBuildFile; fileRef = 33004F1C18A8DD8F003F3D0C /* AtlasAttachmentLoader.c */; };
		33004F9D18A8DD8F003F3D0C /* AtlasAttachmentLoader.c in Sources */ = {isa = PBXBuildFile; fileRef = 33004F1C18A8DD8F003F3D0C /* AtlasAttachmentLoader.c */; };
		33004F9E18A8DD8F003F3D0C /* AtlasAttachmentLoader.c in Sources */ = {isa = PBXBuildFile; fileRef = 33004F1C18A8DD8F003F3D0C /* AtlasAttachmentLoader.c */; };
		33004F9F18A8DD8F003F3D0C /* Attachment.c in Sources */ = {isa = PBXBuildFile; fileRef = 33004F1D18A8DD8F003F3D0C /* Attachment.c */; };
		33004FA018A8DD8F003F3D0C /* Attachment.c in Sources */ = {isa = PBXBuildFile; fileRef = 33004F1D18A8DD8F003F3D0C /* Attachment.c */; };
		33004FA118A8DD8F003F3D0C /* Attachment.c in Sources */ = {isa = PBXBuildFile; fileRef = 33004F1D18A8DD8F003F3D0C /* Attachment.c */; };
		33004FA218A8DD8F003F3D0C /* Attachment.c in Sources */ = {isa = PBXBuildFile; fileRef = 33004F1D18A8DD8F003F3D0C /* Attachment.c */; };
		33004FA318A8DD8F003F3D0C /* AttachmentLoader.c in Sources */ = {isa = PBXBuildFile; fileRef = 33004F1E18A8DD8F003F3D0C /* AttachmentLoader.c */; };
		33004FA418A8DD8F003F3D0C /* AttachmentLoader.c in Sources */ = {isa = PBXBuildFile; fileRef = 33004F1E18A8DD8F003F3D0C /* AttachmentLoader.c */; };
		33004FA518A8DD8F003F3D0C /* AttachmentLoader.c in Sources */ = {isa = PBXBuildFile; fileRef = 33004F1E18A8DD8F003F3D0C /* AttachmentLoader.c */; };
		33004FA618A8DD8F003F3D0C /* AttachmentLoader.c in Sources */ = {isa = PBXBuildFile; fileRef = 33004F1E18A8DD8F003F3D0C /* AttachmentLoader.c */; };
		33004FA718A8DD8F003F3D0C /* Bone.c in Sources */ = {isa = PBXBuildFile; fileRef = 33004F1F18A8DD8F003F3D0C /* Bone.c */; };
		33004FA818A8DD8F003F3D0C /* Bone.c in Sources */ = {isa = PBXBuildFile; fileRef = 33004F1F18A8DD8F003F3D0C /* Bone.c */; };
		33004FA918A8DD8F003F3D0C /* Bone.c in Sources */ = {isa = PBXBuildFile; fileRef = 33004F1F18A8DD8F003F3D0C /* Bone.c */; };
		33004FAA18A8DD8F003F3D0C /* Bone.c in Sources */ = {isa = PBXBuildFile; fileRef = 33004F1F18A8DD8F003F3D0C /* Bone.c */; };
		33004FAB18A8DD8F003F3D0C /* BoneData.c in Sources */ = {isa = PBXBuildFile; fileRef = 33004F2018A8DD8F003F3D0C /* BoneData.c */; };
		33004FAC18A8DD8F003F3D0C /* BoneData.c in Sources */ = {isa = PBXBuildFile; fileRef = 33004F2018A8DD8F003F3D0C /* BoneData.c */; };
		33004FAD18A8DD8F003F3D0C /* BoneData.c in Sources */ = {isa = PBXBuildFile; fileRef = 33004F2018A8DD8F003F3D0C /* BoneData.c */; };
		33004FAE18A8DD8F003F3D0C /* BoneData.c in Sources */ = {isa = PBXBuildFile; fileRef = 33004F2018A8DD8F003F3D0C /* BoneData.c */; };
		33004FAF18A8DD8F003F3D0C /* BoundingBoxAttachment.c in Sources */ = {isa = PBXBuildFile; fileRef = 33004F2118A8DD8F003F3D0C /* BoundingBoxAttachment.c */; };
		33004FB018A8DD8F003F3D0C /* BoundingBoxAttachment.c in Sources */ = {isa = PBXBuildFile; fileRef = 33004F2118A8DD8F003F3D0C /* BoundingBoxAttachment.c */; };
		33004FB118A8DD8F003F3D0C /* BoundingBoxAttachment.c in Sources */ = {isa = PBXBuildFile; fileRef = 33004F2118A8DD8F003F3D0C /* BoundingBoxAttachment.c */; };
		33004FB218A8DD8F003F3D0C /* BoundingBoxAttachment.c in Sources */ = {isa = PBXBuildFile; fileRef = 33004F2118A8DD8F003F3D0C /* BoundingBoxAttachment.c */; };
		33004FB318A8DD8F003F3D0C /* Event.c in Sources */ = {isa = PBXBuildFile; fileRef = 33004F2218A8DD8F003F3D0C /* Event.c */; };
		33004FB418A8DD8F003F3D0C /* Event.c in Sources */ = {isa = PBXBuildFile; fileRef = 33004F2218A8DD8F003F3D0C /* Event.c */; };
		33004FB518A8DD8F003F3D0C /* Event.c in Sources */ = {isa = PBXBuildFile; fileRef = 33004F2218A8DD8F003F3D0C /* Event.c */; };
		33004FB618A8DD8F003F3D0C /* Event.c in Sources */ = {isa = PBXBuildFile; fileRef = 33004F2218A8DD8F003F3D0C /* Event.c */; };
		33004FB718A8DD8F003F3D0C /* EventData.c in Sources */ = {isa = PBXBuildFile; fileRef = 33004F2318A8DD8F003F3D0C /* EventData.c */; };
		33004FB818A8DD8F003F3D0C /* EventData.c in Sources */ = {isa = PBXBuildFile; fileRef = 33004F2318A8DD8F003F3D0C /* EventData.c */; };
		33004FB918A8DD8F003F3D0C /* EventData.c in Sources */ = {isa = PBXBuildFile; fileRef = 33004F2318A8DD8F003F3D0C /* EventData.c */; };
		33004FBA18A8DD8F003F3D0C /* EventData.c in Sources */ = {isa = PBXBuildFile; fileRef = 33004F2318A8DD8F003F3D0C /* EventData.c */; };
		33004FBB18A8DD8F003F3D0C /* extension.c in Sources */ = {isa = PBXBuildFile; fileRef = 33004F2418A8DD8F003F3D0C /* extension.c */; };
		33004FBC18A8DD8F003F3D0C /* extension.c in Sources */ = {isa = PBXBuildFile; fileRef = 33004F2418A8DD8F003F3D0C /* extension.c */; };
		33004FBD18A8DD8F003F3D0C /* extension.c in Sources */ = {isa = PBXBuildFile; fileRef = 33004F2418A8DD8F003F3D0C /* extension.c */; };
		33004FBE18A8DD8F003F3D0C /* extension.c in Sources */ = {isa = PBXBuildFile; fileRef = 33004F2418A8DD8F003F3D0C /* extension.c */; };
		33004FBF18A8DD8F003F3D0C /* Json.c in Sources */ = {isa = PBXBuildFile; fileRef = 33004F2518A8DD8F003F3D0C /* Json.c */; };
		33004FC018A8DD8F003F3D0C /* Json.c in Sources */ = {isa = PBXBuildFile; fileRef = 33004F2518A8DD8F003F3D0C /* Json.c */; };
		33004FC118A8DD8F003F3D0C /* Json.c in Sources */ = {isa = PBXBuildFile; fileRef = 33004F2518A8DD8F003F3D0C /* Json.c */; };
		33004FC218A8DD8F003F3D0C /* Json.c in Sources */ = {isa = PBXBuildFile; fileRef = 33004F2518A8DD8F003F3D0C /* Json.c */; };
		33004FC318A8DD8F003F3D0C /* RegionAttachment.c in Sources */ = {isa = PBXBuildFile; fileRef = 33004F2718A8DD8F003F3D0C /* RegionAttachment.c */; };
		33004FC418A8DD8F003F3D0C /* RegionAttachment.c in Sources */ = {isa = PBXBuildFile; fileRef = 33004F2718A8DD8F003F3D0C /* RegionAttachment.c */; };
		33004FC518A8DD8F003F3D0C /* RegionAttachment.c in Sources */ = {isa = PBXBuildFile; fileRef = 33004F2718A8DD8F003F3D0C /* RegionAttachment.c */; };
		33004FC618A8DD8F003F3D0C /* RegionAttachment.c in Sources */ = {isa = PBXBuildFile; fileRef = 33004F2718A8DD8F003F3D0C /* RegionAttachment.c */; };
		33004FC718A8DD8F003F3D0C /* Skeleton.c in Sources */ = {isa = PBXBuildFile; fileRef = 33004F2818A8DD8F003F3D0C /* Skeleton.c */; };
		33004FC818A8DD8F003F3D0C /* Skeleton.c in Sources */ = {isa = PBXBuildFile; fileRef = 33004F2818A8DD8F003F3D0C /* Skeleton.c */; };
		33004FC918A8DD8F003F3D0C /* Skeleton.c in Sources */ = {isa = PBXBuildFile; fileRef = 33004F2818A8DD8F003F3D0C /* Skeleton.c */; };
		33004FCA18A8DD8F003F3D0C /* Skeleton.c in Sources */ = {isa = PBXBuildFile; fileRef = 33004F2818A8DD8F003F3D0C /* Skeleton.c */; };
		33004FCB18A8DD8F003F3D0C /* SkeletonBounds.c in Sources */ = {isa = PBXBuildFile; fileRef = 33004F2918A8DD8F003F3D0C /* SkeletonBounds.c */; };
		33004FCC18A8DD8F003F3D0C /* SkeletonBounds.c in Sources */ = {isa = PBXBuildFile; fileRef = 33004F2918A8DD8F003F3D0C /* SkeletonBounds.c */; };
		33004FCD18A8DD8F003F3D0C /* SkeletonBounds.c in Sources */ = {isa = PBXBuildFile; fileRef = 33004F2918A8DD8F003F3D0C /* SkeletonBounds.c */; };
		33004FCE18A8DD8F003F3D0C /* SkeletonBounds.c in Sources */ = {isa = PBXBuildFile; fileRef = 33004F2918A8DD8F003F3D0C /* SkeletonBounds.c */; };
		33004FCF18A8DD8F003F3D0C /* SkeletonData.c in Sources */ = {isa = PBXBuildFile; fileRef = 33004F2A18A8DD8F003F3D0C /* SkeletonData.c */; };
		33004FD018A8DD8F003F3D0C /* SkeletonData.c in Sources */ = {isa = PBXBuildFile; fileRef = 33004F2A18A8DD8F003F3D0C /* SkeletonData.c */; };
		33004FD118A8DD8F003F3D0C /* SkeletonData.c in Sources */ = {isa = PBXBuildFile; fileRef = 33004F2A18A8DD8F003F3D0C /* SkeletonData.c */; };
		33004FD218A8DD8F003F3D0C /* SkeletonData.c in Sources */ = {isa = PBXBuildFile; fileRef = 33004F2A18A8DD8F003F3D0C /* SkeletonData.c */; };
		33004FD318A8DD8F003F3D0C /* SkeletonJson.c in Sources */ = {isa = PBXBuildFile; fileRef = 33004F2B18A8DD8F003F3D0C /* SkeletonJson.c */; };
		33004FD418A8DD8F003F3D0C /* SkeletonJson.c in Sources */ = {isa = PBXBuildFile; fileRef = 33004F2B18A8DD8F003F3D0C /* SkeletonJson.c */; };
		33004FD518A8DD8F003F3D0C /* SkeletonJson.c in Sources */ = {isa = PBXBuildFile; fileRef = 33004F2B18A8DD8F003F3D0C /* SkeletonJson.c */; };
		33004FD618A8DD8F003F3D0C /* SkeletonJson.c in Sources */ = {isa = PBXBuildFile; fileRef = 33004F2B18A8DD8F003F3D0C /* SkeletonJson.c */; };
		33004FD718A8DD8F003F3D0C /* Skin.c in Sources */ = {isa = PBXBuildFile; fileRef = 33004F2C18A8DD8F003F3D0C /* Skin.c */; };
		33004FD818A8DD8F003F3D0C /* Skin.c in Sources */ = {isa = PBXBuildFile; fileRef = 33004F2C18A8DD8F003F3D0C /* Skin.c */; };
		33004FD918A8DD8F003F3D0C /* Skin.c in Sources */ = {isa = PBXBuildFile; fileRef = 33004F2C18A8DD8F003F3D0C /* Skin.c */; };
		33004FDA18A8DD8F003F3D0C /* Skin.c in Sources */ = {isa = PBXBuildFile; fileRef = 33004F2C18A8DD8F003F3D0C /* Skin.c */; };
		33004FDB18A8DD8F003F3D0C /* Slot.c in Sources */ = {isa = PBXBuildFile; fileRef = 33004F2D18A8DD8F003F3D0C /* Slot.c */; };
		33004FDC18A8DD8F003F3D0C /* Slot.c in Sources */ = {isa = PBXBuildFile; fileRef = 33004F2D18A8DD8F003F3D0C /* Slot.c */; };
		33004FDD18A8DD8F003F3D0C /* Slot.c in Sources */ = {isa = PBXBuildFile; fileRef = 33004F2D18A8DD8F003F3D0C /* Slot.c */; };
		33004FDE18A8DD8F003F3D0C /* Slot.c in Sources */ = {isa = PBXBuildFile; fileRef = 33004F2D18A8DD8F003F3D0C /* Slot.c */; };
		33004FDF18A8DD8F003F3D0C /* SlotData.c in Sources */ = {isa = PBXBuildFile; fileRef = 33004F2E18A8DD8F003F3D0C /* SlotData.c */; };
		33004FE018A8DD8F003F3D0C /* SlotData.c in Sources */ = {isa = PBXBuildFile; fileRef = 33004F2E18A8DD8F003F3D0C /* SlotData.c */; };
		33004FE118A8DD8F003F3D0C /* SlotData.c in Sources */ = {isa = PBXBuildFile; fileRef = 33004F2E18A8DD8F003F3D0C /* SlotData.c */; };
		33004FE218A8DD8F003F3D0C /* SlotData.c in Sources */ = {isa = PBXBuildFile; fileRef = 33004F2E18A8DD8F003F3D0C /* SlotData.c */; };
		33004FE318A8DD8F003F3D0C /* DZSpineLoader.m in Sources */ = {isa = PBXBuildFile; fileRef = 33004F3118A8DD8F003F3D0C /* DZSpineLoader.m */; };
		33004FE418A8DD8F003F3D0C /* DZSpineLoader.m in Sources */ = {isa = PBXBuildFile; fileRef = 33004F3118A8DD8F003F3D0C /* DZSpineLoader.m */; };
		33004FE518A8DD8F003F3D0C /* DZSpineLoader.m in Sources */ = {isa = PBXBuildFile; fileRef = 33004F3118A8DD8F003F3D0C /* DZSpineLoader.m */; };
		33004FE618A8DD8F003F3D0C /* DZSpineLoader.m in Sources */ = {isa = PBXBuildFile; fileRef = 33004F3118A8DD8F003F3D0C /* DZSpineLoader.m */; };
		33004FE718A8DD8F003F3D0C /* spine_adapt.m in Sources */ = {isa = PBXBuildFile; fileRef = 33004F3318A8DD8F003F3D0C /* spine_adapt.m */; };
		33004FE818A8DD8F003F3D0C /* spine_adapt.m in Sources */ = {isa = PBXBuildFile; fileRef = 33004F3318A8DD8F003F3D0C /* spine_adapt.m */; };
		33004FE918A8DD8F003F3D0C /* spine_adapt.m in Sources */ = {isa = PBXBuildFile; fileRef = 33004F3318A8DD8F003F3D0C /* spine_adapt.m */; };
		33004FEA18A8DD8F003F3D0C /* spine_adapt.m in Sources */ = {isa = PBXBuildFile; fileRef = 33004F3318A8DD8F003F3D0C /* spine_adapt.m */; };
		33004FEB18A8DD8F003F3D0C /* SpineAnimation.m in Sources */ = {isa = PBXBuildFile; fileRef = 33004F3518A8DD8F003F3D0C /* SpineAnimation.m */; };
		33004FEC18A8DD8F003F3D0C /* SpineAnimation.m in Sources */ = {isa = PBXBuildFile; fileRef = 33004F3518A8DD8F003F3D0C /* SpineAnimation.m */; };
		33004FED18A8DD8F003F3D0C /* SpineAnimation.m in Sources */ = {isa = PBXBuildFile; fileRef = 33004F3518A8DD8F003F3D0C /* SpineAnimation.m */; };
		33004FEE18A8DD8F003F3D0C /* SpineAnimation.m in Sources */ = {isa = PBXBuildFile; fileRef = 33004F3518A8DD8F003F3D0C /* SpineAnimation.m */; };
		33004FEF18A8DD8F003F3D0C /* SpineAttachment.m in Sources */ = {isa = PBXBuildFile; fileRef = 33004F3718A8DD8F003F3D0C /* SpineAttachment.m */; };
		33004FF018A8DD8F003F3D0C /* SpineAttachment.m in Sources */ = {isa = PBXBuildFile; fileRef = 33004F3718A8DD8F003F3D0C /* SpineAttachment.m */; };
		33004FF118A8DD8F003F3D0C /* SpineAttachment.m in Sources */ = {isa = PBXBuildFile; fileRef = 33004F3718A8DD8F003F3D0C /* SpineAttachment.m */; };
		33004FF218A8DD8F003F3D0C /* SpineAttachment.m in Sources */ = {isa = PBXBuildFile; fileRef = 33004F3718A8DD8F003F3D0C /* SpineAttachment.m */; };
		33004FF318A8DD8F003F3D0C /* SpineBone.m in Sources */ = {isa = PBXBuildFile; fileRef = 33004F3918A8DD8F003F3D0C /* SpineBone.m */; };
		33004FF418A8DD8F003F3D0C /* SpineBone.m in Sources */ = {isa = PBXBuildFile; fileRef = 33004F3918A8DD8F003F3D0C /* SpineBone.m */; };
		33004FF518A8DD8F003F3D0C /* SpineBone.m in Sources */ = {isa = PBXBuildFile; fileRef = 33004F3918A8DD8F003F3D0C /* SpineBone.m */; };
		33004FF618A8DD8F003F3D0C /* SpineBone.m in Sources */ = {isa = PBXBuildFile; fileRef = 33004F3918A8DD8F003F3D0C /* SpineBone.m */; };
		33004FF718A8DD8F003F3D0C /* SpineGeometry.m in Sources */ = {isa = PBXBuildFile; fileRef = 33004F3B18A8DD8F003F3D0C /* SpineGeometry.m */; };
		33004FF818A8DD8F003F3D0C /* SpineGeometry.m in Sources */ = {isa = PBXBuildFile; fileRef = 33004F3B18A8DD8F003F3D0C /* SpineGeometry.m */; };
		33004FF918A8DD8F003F3D0C /* SpineGeometry.m in Sources */ = {isa = PBXBuildFile; fileRef = 33004F3B18A8DD8F003F3D0C /* SpineGeometry.m */; };
		33004FFA18A8DD8F003F3D0C /* SpineGeometry.m in Sources */ = {isa = PBXBuildFile; fileRef = 33004F3B18A8DD8F003F3D0C /* SpineGeometry.m */; };
		33004FFB18A8DD8F003F3D0C /* SpineSequence.m in Sources */ = {isa = PBXBuildFile; fileRef = 33004F3D18A8DD8F003F3D0C /* SpineSequence.m */; };
		33004FFC18A8DD8F003F3D0C /* SpineSequence.m in Sources */ = {isa = PBXBuildFile; fileRef = 33004F3D18A8DD8F003F3D0C /* SpineSequence.m */; };
		33004FFD18A8DD8F003F3D0C /* SpineSequence.m in Sources */ = {isa = PBXBuildFile; fileRef = 33004F3D18A8DD8F003F3D0C /* SpineSequence.m */; };
		33004FFE18A8DD8F003F3D0C /* SpineSequence.m in Sources */ = {isa = PBXBuildFile; fileRef = 33004F3D18A8DD8F003F3D0C /* SpineSequence.m */; };
		33004FFF18A8DD8F003F3D0C /* SpineSkeleton.m in Sources */ = {isa = PBXBuildFile; fileRef = 33004F3F18A8DD8F003F3D0C /* SpineSkeleton.m */; };
		3300500018A8DD8F003F3D0C /* SpineSkeleton.m in Sources */ = {isa = PBXBuildFile; fileRef = 33004F3F18A8DD8F003F3D0C /* SpineSkeleton.m */; };
		3300500118A8DD8F003F3D0C /* SpineSkeleton.m in Sources */ = {isa = PBXBuildFile; fileRef = 33004F3F18A8DD8F003F3D0C /* SpineSkeleton.m */; };
		3300500218A8DD8F003F3D0C /* SpineSkeleton.m in Sources */ = {isa = PBXBuildFile; fileRef = 33004F3F18A8DD8F003F3D0C /* SpineSkeleton.m */; };
		3300500318A8DD8F003F3D0C /* SpineSlot.m in Sources */ = {isa = PBXBuildFile; fileRef = 33004F4118A8DD8F003F3D0C /* SpineSlot.m */; };
		3300500418A8DD8F003F3D0C /* SpineSlot.m in Sources */ = {isa = PBXBuildFile; fileRef = 33004F4118A8DD8F003F3D0C /* SpineSlot.m */; };
		3300500518A8DD8F003F3D0C /* SpineSlot.m in Sources */ = {isa = PBXBuildFile; fileRef = 33004F4118A8DD8F003F3D0C /* SpineSlot.m */; };
		3300500618A8DD8F003F3D0C /* SpineSlot.m in Sources */ = {isa = PBXBuildFile; fileRef = 33004F4118A8DD8F003F3D0C /* SpineSlot.m */; };
		3300500718A8DD8F003F3D0C /* SpineTimeline.m in Sources */ = {isa = PBXBuildFile; fileRef = 33004F4318A8DD8F003F3D0C /* SpineTimeline.m */; };
		3300500818A8DD8F003F3D0C /* SpineTimeline.m in Sources */ = {isa = PBXBuildFile; fileRef = 33004F4318A8DD8F003F3D0C /* SpineTimeline.m */; };
		3300500918A8DD8F003F3D0C /* SpineTimeline.m in Sources */ = {isa = PBXBuildFile; fileRef = 33004F4318A8DD8F003F3D0C /* SpineTimeline.m */; };
		3300500A18A8DD8F003F3D0C /* SpineTimeline.m in Sources */ = {isa = PBXBuildFile; fileRef = 33004F4318A8DD8F003F3D0C /* SpineTimeline.m */; };
		3300500B18A8DD8F003F3D0C /* DZSpineScene.m in Sources */ = {isa = PBXBuildFile; fileRef = 33004F4618A8DD8F003F3D0C /* DZSpineScene.m */; };
		3300500C18A8DD8F003F3D0C /* DZSpineScene.m in Sources */ = {isa = PBXBuildFile; fileRef = 33004F4618A8DD8F003F3D0C /* DZSpineScene.m */; };
		3300500D18A8DD8F003F3D0C /* DZSpineScene.m in Sources */ = {isa = PBXBuildFile; fileRef = 33004F4618A8DD8F003F3D0C /* DZSpineScene.m */; };
		3300500E18A8DD8F003F3D0C /* DZSpineScene.m in Sources */ = {isa = PBXBuildFile; fileRef = 33004F4618A8DD8F003F3D0C /* DZSpineScene.m */; };
		3300500F18A8DD8F003F3D0C /* DZSpineSceneBuilder.m in Sources */ = {isa = PBXBuildFile; fileRef = 33004F4818A8DD8F003F3D0C /* DZSpineSceneBuilder.m */; };
		3300501018A8DD8F003F3D0C /* DZSpineSceneBuilder.m in Sources */ = {isa = PBXBuildFile; fileRef = 33004F4818A8DD8F003F3D0C /* DZSpineSceneBuilder.m */; };
		3300501118A8DD8F003F3D0C /* DZSpineSceneBuilder.m in Sources */ = {isa = PBXBuildFile; fileRef = 33004F4818A8DD8F003F3D0C /* DZSpineSceneBuilder.m */; };
		3300501218A8DD8F003F3D0C /* DZSpineSceneBuilder.m in Sources */ = {isa = PBXBuildFile; fileRef = 33004F4818A8DD8F003F3D0C /* DZSpineSceneBuilder.m */; };
		3300501318A8DD8F003F3D0C /* DZSpineSceneDescription.m in Sources */ = {isa = PBXBuildFile; fileRef = 33004F4A18A8DD8F003F3D0C /* DZSpineSceneDescription.m */; };
		3300501418A8DD8F003F3D0C /* DZSpineSceneDescription.m in Sources */ = {isa = PBXBuildFile; fileRef = 33004F4A18A8DD8F003F3D0C /* DZSpineSceneDescription.m */; };
		3300501518A8DD8F003F3D0C /* DZSpineSceneDescription.m in Sources */ = {isa = PBXBuildFile; fileRef = 33004F4A18A8DD8F003F3D0C /* DZSpineSceneDescription.m */; };
		3300501618A8DD8F003F3D0C /* DZSpineSceneDescription.m in Sources */ = {isa = PBXBuildFile; fileRef = 33004F4A18A8DD8F003F3D0C /* DZSpineSceneDescription.m */; };
		3300501718A8DD8F003F3D0C /* DZSpineSceneTrack.m in Sources */ = {isa = PBXBuildFile; fileRef = 33004F4C18A8DD8F003F3D0C /* DZSpineSceneTrack.m */; };
		3300501818A8DD8F003F3D0C /* DZSpineSceneTrack.m in Sources */ = {isa = PBXBuildFile; fileRef = 33004F4C18A8DD8F003F3D0C /* DZSpineSceneTrack.m */; };
		3300501918A8DD8F003F3D0C /* DZSpineSceneTrack.m in Sources */ = {isa = PBXBuildFile; fileRef = 33004F4C18A8DD8F003F3D0C /* DZSpineSceneTrack.m */; };
		3300501A18A8DD8F003F3D0C /* DZSpineSceneTrack.m in Sources */ = {isa = PBXBuildFile; fileRef = 33004F4C18A8DD8F003F3D0C /* DZSpineSceneTrack.m */; };
		3300501B18A8DD8F003F3D0C /* DZSpineSpriteKitAnimation.m in Sources */ = {isa = PBXBuildFile; fileRef = 33004F4E18A8DD8F003F3D0C /* DZSpineSpriteKitAnimation.m */; };
		3300501C18A8DD8F003F3D0C /* DZSpineSpriteKitAnimation.m in Sources */ = {isa = PBXBuildFile; fileRef = 33004F4E18A8DD8F003F3D0C /* DZSpineSpriteKitAnimation.m */; };
		3300501D18A8DD8F003F3D0C /* DZSpineSpriteKitAnimation.m in Sources */ = {isa = PBXBuildFile; fileRef = 33004F4E18A8DD8F003F3D0C /* DZSpineSpriteKitAnimation.m */; };
		3300501E18A8DD8F003F3D0C /* DZSpineSpriteKitAnimation.m in Sources */ = {isa = PBXBuildFile; fileRef = 33004F4E18A8DD8F003F3D0C /* DZSpineSpriteKitAnimation.m */; };
		3300501F18A8DD8F003F3D0C /* DZSpineSpriteKitMaps.m in Sources */ = {isa = PBXBuildFile; fileRef = 33004F5018A8DD8F003F3D0C /* DZSpineSpriteKitMaps.m */; };
		3300502018A8DD8F003F3D0C /* DZSpineSpriteKitMaps.m in Sources */ = {isa = PBXBuildFile; fileRef = 33004F5018A8DD8F003F3D0C /* DZSpineSpriteKitMaps.m */; };
		3300502118A8DD8F003F3D0C /* DZSpineSpriteKitMaps.m in Sources */ = {isa = PBXBuildFile; fileRef = 33004F5018A8DD8F003F3D0C /* DZSpineSpriteKitMaps.m */; };
		3300502218A8DD8F003F3D0C /* DZSpineSpriteKitMaps.m in Sources */ = {isa = PBXBuildFile; fileRef = 33004F5018A8DD8F003F3D0C /* DZSpineSpriteKitMaps.m */; };
		3300502318A8DD8F003F3D0C /* DZSpineTexturePool.m in Sources */ = {isa = PBXBuildFile; fileRef = 33004F5218A8DD8F003F3D0C /* DZSpineTexturePool.m */; };
		3300502418A8DD8F003F3D0C /* DZSpineTexturePool.m in Sources */ = {isa = PBXBuildFile; fileRef = 33004F5218A8DD8F003F3D0C /* DZSpineTexturePool.m */; };
		3300502518A8DD8F003F3D0C /* DZSpineTexturePool.m in Sources */ = {isa = PBXBuildFile; fileRef = 33004F5218A8DD8F003F3D0C /* DZSpineTexturePool.m */; };
		3300502618A8DD8F003F3D0C /* DZSpineTexturePool.m in Sources */ = {isa = PBXBuildFile; fileRef = 33004F5218A8DD8F003F3D0C /* DZSpineTexturePool.m */; };
		3300502A18A90C09003F3D0C /* skeleton.atlas in Resources */ = {isa = PBXBuildFile; fileRef = 3300502718A90C09003F3D0C /* skeleton.atlas */; };
		3300502B18A90C09003F3D0C /* skeleton.atlas in Resources */ = {isa = PBXBuildFile; fileRef = 3300502718A90C09003F3D0C /* skeleton.atlas */; };
		3300502C18A90C09003F3D0C /* skeleton.atlas in Resources */ = {isa = PBXBuildFile; fileRef = 3300502718A90C09003F3D0C /* skeleton.atlas */; };
		3300502D18A90C09003F3D0C /* skeleton.atlas in Resources */ = {isa = PBXBuildFile; fileRef = 3300502718A90C09003F3D0C /* skeleton.atlas */; };
		3300502E18A90C09003F3D0C /* skeleton.json in Resources */ = {isa = PBXBuildFile; fileRef = 3300502818A90C09003F3D0C /* skeleton.json */; };
		3300502F18A90C09003F3D0C /* skeleton.json in Resources */ = {isa = PBXBuildFile; fileRef = 3300502818A90C09003F3D0C /* skeleton.json */; };
		3300503018A90C09003F3D0C /* skeleton.json in Resources */ = {isa = PBXBuildFile; fileRef = 3300502818A90C09003F3D0C /* skeleton.json */; };
		3300503118A90C09003F3D0C /* skeleton.json in Resources */ = {isa = PBXBuildFile; fileRef = 3300502818A90C09003F3D0C /* skeleton.json */; };
		3300503218A90C09003F3D0C /* skeleton.png in Resources */ = {isa = PBXBuildFile; fileRef = 3300502918A90C09003F3D0C /* skeleton.png */; };
		3300503318A90C09003F3D0C /* skeleton.png in Resources */ = {isa = PBXBuildFile; fileRef = 3300502918A90C09003F3D0C /* skeleton.png */; };
		3300503418A90C09003F3D0C /* skeleton.png in Resources */ = {isa = PBXBuildFile; fileRef = 3300502918A90C09003F3D0C /* skeleton.png */; };
		3300503518A90C09003F3D0C /* skeleton.png in Resources */ = {isa = PBXBuildFile; fileRef = 3300502918A90C09003F3D0C /* skeleton.png */; };
/* End PBXBuildFile section */

/* Begin PBXContainerItemProxy section */
		33004CC018A8D33D003F3D0C /* PBXContainerItemProxy */ = {
			isa = PBXContainerItemProxy;
			containerPortal = 33004C8D18A8D33D003F3D0C /* Project object */;
			proxyType = 1;
			remoteGlobalIDString = 33004C9418A8D33D003F3D0C;
			remoteInfo = SpineTesting;
		};
		33004D0218A8D366003F3D0C /* PBXContainerItemProxy */ = {
			isa = PBXContainerItemProxy;
			containerPortal = 33004C8D18A8D33D003F3D0C /* Project object */;
			proxyType = 1;
			remoteGlobalIDString = 33004CD518A8D365003F3D0C;
			remoteInfo = SpineTestingiOS;
		};
/* End PBXContainerItemProxy section */

/* Begin PBXFileReference section */
		33004C9518A8D33D003F3D0C /* SpineTesting.app */ = {isa = PBXFileReference; explicitFileType = wrapper.application; includeInIndex = 0; path = SpineTesting.app; sourceTree = BUILT_PRODUCTS_DIR; };
		33004C9818A8D33D003F3D0C /* Cocoa.framework */ = {isa = PBXFileReference; lastKnownFileType = wrapper.framework; name = Cocoa.framework; path = System/Library/Frameworks/Cocoa.framework; sourceTree = SDKROOT; };
		33004C9A18A8D33D003F3D0C /* SpriteKit.framework */ = {isa = PBXFileReference; lastKnownFileType = wrapper.framework; name = SpriteKit.framework; path = System/Library/Frameworks/SpriteKit.framework; sourceTree = SDKROOT; };
		33004C9D18A8D33D003F3D0C /* AppKit.framework */ = {isa = PBXFileReference; lastKnownFileType = wrapper.framework; name = AppKit.framework; path = System/Library/Frameworks/AppKit.framework; sourceTree = SDKROOT; };
		33004C9E18A8D33D003F3D0C /* CoreData.framework */ = {isa = PBXFileReference; lastKnownFileType = wrapper.framework; name = CoreData.framework; path = System/Library/Frameworks/CoreData.framework; sourceTree = SDKROOT; };
		33004C9F18A8D33D003F3D0C /* Foundation.framework */ = {isa = PBXFileReference; lastKnownFileType = wrapper.framework; name = Foundation.framework; path = System/Library/Frameworks/Foundation.framework; sourceTree = SDKROOT; };
		33004CA218A8D33D003F3D0C /* SpineTesting-Info.plist */ = {isa = PBXFileReference; lastKnownFileType = text.plist.xml; path = "SpineTesting-Info.plist"; sourceTree = "<group>"; };
		33004CA418A8D33D003F3D0C /* en */ = {isa = PBXFileReference; lastKnownFileType = text.plist.strings; name = en; path = en.lproj/InfoPlist.strings; sourceTree = "<group>"; };
		33004CA618A8D33D003F3D0C /* main.m */ = {isa = PBXFileReference; lastKnownFileType = sourcecode.c.objc; path = main.m; sourceTree = "<group>"; };
		33004CA818A8D33D003F3D0C /* SpineTesting-Prefix.pch */ = {isa = PBXFileReference; lastKnownFileType = sourcecode.c.h; path = "SpineTesting-Prefix.pch"; sourceTree = "<group>"; };
		33004CAA18A8D33D003F3D0C /* en */ = {isa = PBXFileReference; lastKnownFileType = text.rtf; name = en; path = en.lproj/Credits.rtf; sourceTree = "<group>"; };
		33004CAC18A8D33D003F3D0C /* MainMenu.xib */ = {isa = PBXFileReference; lastKnownFileType = file.xib; path = MainMenu.xib; sourceTree = "<group>"; };
		33004CAE18A8D33D003F3D0C /* SGG_MyScene.m */ = {isa = PBXFileReference; lastKnownFileType = sourcecode.c.objc; path = SGG_MyScene.m; sourceTree = "<group>"; };
		33004CB018A8D33D003F3D0C /* SGG_MyScene.h */ = {isa = PBXFileReference; lastKnownFileType = sourcecode.c.h; path = SGG_MyScene.h; sourceTree = "<group>"; };
		33004CB118A8D33D003F3D0C /* SGG_AppDelegate.m */ = {isa = PBXFileReference; lastKnownFileType = sourcecode.c.objc; path = SGG_AppDelegate.m; sourceTree = "<group>"; };
		33004CB318A8D33D003F3D0C /* SGG_AppDelegate.h */ = {isa = PBXFileReference; lastKnownFileType = sourcecode.c.h; path = SGG_AppDelegate.h; sourceTree = "<group>"; };
		33004CB418A8D33D003F3D0C /* Spaceship.png */ = {isa = PBXFileReference; lastKnownFileType = image.png; path = Spaceship.png; sourceTree = "<group>"; };
		33004CB618A8D33D003F3D0C /* Images.xcassets */ = {isa = PBXFileReference; lastKnownFileType = folder.assetcatalog; path = Images.xcassets; sourceTree = "<group>"; };
		33004CBC18A8D33D003F3D0C /* SpineTestingTests.xctest */ = {isa = PBXFileReference; explicitFileType = wrapper.cfbundle; includeInIndex = 0; path = SpineTestingTests.xctest; sourceTree = BUILT_PRODUCTS_DIR; };
		33004CBD18A8D33D003F3D0C /* XCTest.framework */ = {isa = PBXFileReference; lastKnownFileType = wrapper.framework; name = XCTest.framework; path = Library/Frameworks/XCTest.framework; sourceTree = DEVELOPER_DIR; };
		33004CC418A8D33D003F3D0C /* SpineTestingTests-Info.plist */ = {isa = PBXFileReference; lastKnownFileType = text.plist.xml; path = "SpineTestingTests-Info.plist"; sourceTree = "<group>"; };
		33004CC618A8D33D003F3D0C /* en */ = {isa = PBXFileReference; lastKnownFileType = text.plist.strings; name = en; path = en.lproj/InfoPlist.strings; sourceTree = "<group>"; };
		33004CC818A8D33D003F3D0C /* SpineTestingTests.m */ = {isa = PBXFileReference; lastKnownFileType = sourcecode.c.objc; path = SpineTestingTests.m; sourceTree = "<group>"; };
		33004CD618A8D365003F3D0C /* SpineTestingiOS.app */ = {isa = PBXFileReference; explicitFileType = wrapper.application; includeInIndex = 0; path = SpineTestingiOS.app; sourceTree = BUILT_PRODUCTS_DIR; };
		33004CD718A8D365003F3D0C /* Foundation.framework */ = {isa = PBXFileReference; lastKnownFileType = wrapper.framework; name = Foundation.framework; path = System/Library/Frameworks/Foundation.framework; sourceTree = SDKROOT; };
		33004CD918A8D365003F3D0C /* CoreGraphics.framework */ = {isa = PBXFileReference; lastKnownFileType = wrapper.framework; name = CoreGraphics.framework; path = System/Library/Frameworks/CoreGraphics.framework; sourceTree = SDKROOT; };
		33004CDB18A8D365003F3D0C /* UIKit.framework */ = {isa = PBXFileReference; lastKnownFileType = wrapper.framework; name = UIKit.framework; path = Library/Frameworks/UIKit.framework; sourceTree = DEVELOPER_DIR; };
		33004CE018A8D365003F3D0C /* SpineTestingiOS-Info.plist */ = {isa = PBXFileReference; lastKnownFileType = text.plist.xml; path = "SpineTestingiOS-Info.plist"; sourceTree = "<group>"; };
		33004CE218A8D365003F3D0C /* en */ = {isa = PBXFileReference; lastKnownFileType = text.plist.strings; name = en; path = en.lproj/InfoPlist.strings; sourceTree = "<group>"; };
		33004CE418A8D365003F3D0C /* main.m */ = {isa = PBXFileReference; lastKnownFileType = sourcecode.c.objc; path = main.m; sourceTree = "<group>"; };
		33004CE618A8D365003F3D0C /* SpineTestingiOS-Prefix.pch */ = {isa = PBXFileReference; lastKnownFileType = sourcecode.c.h; path = "SpineTestingiOS-Prefix.pch"; sourceTree = "<group>"; };
		33004CE718A8D365003F3D0C /* SGG_AppDelegate.h */ = {isa = PBXFileReference; lastKnownFileType = sourcecode.c.h; path = SGG_AppDelegate.h; sourceTree = "<group>"; };
		33004CE818A8D365003F3D0C /* SGG_AppDelegate.m */ = {isa = PBXFileReference; lastKnownFileType = sourcecode.c.objc; path = SGG_AppDelegate.m; sourceTree = "<group>"; };
		33004CEB18A8D365003F3D0C /* Base */ = {isa = PBXFileReference; lastKnownFileType = file.storyboard; name = Base; path = Base.lproj/Main_iPhone.storyboard; sourceTree = "<group>"; };
		33004CEE18A8D365003F3D0C /* Base */ = {isa = PBXFileReference; lastKnownFileType = file.storyboard; name = Base; path = Base.lproj/Main_iPad.storyboard; sourceTree = "<group>"; };
		33004CF018A8D365003F3D0C /* SGG_ViewController.h */ = {isa = PBXFileReference; lastKnownFileType = sourcecode.c.h; path = SGG_ViewController.h; sourceTree = "<group>"; };
		33004CF118A8D365003F3D0C /* SGG_ViewController.m */ = {isa = PBXFileReference; lastKnownFileType = sourcecode.c.objc; path = SGG_ViewController.m; sourceTree = "<group>"; };
		33004CFE18A8D366003F3D0C /* SpineTestingiOSTests.xctest */ = {isa = PBXFileReference; explicitFileType = wrapper.cfbundle; includeInIndex = 0; path = SpineTestingiOSTests.xctest; sourceTree = BUILT_PRODUCTS_DIR; };
		33004D0618A8D366003F3D0C /* SpineTestingiOSTests-Info.plist */ = {isa = PBXFileReference; lastKnownFileType = text.plist.xml; path = "SpineTestingiOSTests-Info.plist"; sourceTree = "<group>"; };
		33004D0818A8D366003F3D0C /* en */ = {isa = PBXFileReference; lastKnownFileType = text.plist.strings; name = en; path = en.lproj/InfoPlist.strings; sourceTree = "<group>"; };
		33004D0A18A8D366003F3D0C /* SpineTestingiOSTests.m */ = {isa = PBXFileReference; lastKnownFileType = sourcecode.c.objc; path = SpineTestingiOSTests.m; sourceTree = "<group>"; };
		33004EFD18A8DD8F003F3D0C /* Animation.h */ = {isa = PBXFileReference; fileEncoding = 4; lastKnownFileType = sourcecode.c.h; path = Animation.h; sourceTree = "<group>"; };
		33004EFE18A8DD8F003F3D0C /* AnimationState.h */ = {isa = PBXFileReference; fileEncoding = 4; lastKnownFileType = sourcecode.c.h; path = AnimationState.h; sourceTree = "<group>"; };
		33004EFF18A8DD8F003F3D0C /* AnimationStateData.h */ = {isa = PBXFileReference; fileEncoding = 4; lastKnownFileType = sourcecode.c.h; path = AnimationStateData.h; sourceTree = "<group>"; };
		33004F0018A8DD8F003F3D0C /* Atlas.h */ = {isa = PBXFileReference; fileEncoding = 4; lastKnownFileType = sourcecode.c.h; path = Atlas.h; sourceTree = "<group>"; };
		33004F0118A8DD8F003F3D0C /* AtlasAttachmentLoader.h */ = {isa = PBXFileReference; fileEncoding = 4; lastKnownFileType = sourcecode.c.h; path = AtlasAttachmentLoader.h; sourceTree = "<group>"; };
		33004F0218A8DD8F003F3D0C /* Attachment.h */ = {isa = PBXFileReference; fileEncoding = 4; lastKnownFileType = sourcecode.c.h; path = Attachment.h; sourceTree = "<group>"; };
		33004F0318A8DD8F003F3D0C /* AttachmentLoader.h */ = {isa = PBXFileReference; fileEncoding = 4; lastKnownFileType = sourcecode.c.h; path = AttachmentLoader.h; sourceTree = "<group>"; };
		33004F0418A8DD8F003F3D0C /* Bone.h */ = {isa = PBXFileReference; fileEncoding = 4; lastKnownFileType = sourcecode.c.h; path = Bone.h; sourceTree = "<group>"; };
		33004F0518A8DD8F003F3D0C /* BoneData.h */ = {isa = PBXFileReference; fileEncoding = 4; lastKnownFileType = sourcecode.c.h; path = BoneData.h; sourceTree = "<group>"; };
		33004F0618A8DD8F003F3D0C /* BoundingBoxAttachment.h */ = {isa = PBXFileReference; fileEncoding = 4; lastKnownFileType = sourcecode.c.h; path = BoundingBoxAttachment.h; sourceTree = "<group>"; };
		33004F0718A8DD8F003F3D0C /* Event.h */ = {isa = PBXFileReference; fileEncoding = 4; lastKnownFileType = sourcecode.c.h; path = Event.h; sourceTree = "<group>"; };
		33004F0818A8DD8F003F3D0C /* EventData.h */ = {isa = PBXFileReference; fileEncoding = 4; lastKnownFileType = sourcecode.c.h; path = EventData.h; sourceTree = "<group>"; };
		33004F0918A8DD8F003F3D0C /* extension.h */ = {isa = PBXFileReference; fileEncoding = 4; lastKnownFileType = sourcecode.c.h; path = extension.h; sourceTree = "<group>"; };
		33004F0A18A8DD8F003F3D0C /* RegionAttachment.h */ = {isa = PBXFileReference; fileEncoding = 4; lastKnownFileType = sourcecode.c.h; path = RegionAttachment.h; sourceTree = "<group>"; };
		33004F0B18A8DD8F003F3D0C /* Skeleton.h */ = {isa = PBXFileReference; fileEncoding = 4; lastKnownFileType = sourcecode.c.h; path = Skeleton.h; sourceTree = "<group>"; };
		33004F0C18A8DD8F003F3D0C /* SkeletonBounds.h */ = {isa = PBXFileReference; fileEncoding = 4; lastKnownFileType = sourcecode.c.h; path = SkeletonBounds.h; sourceTree = "<group>"; };
		33004F0D18A8DD8F003F3D0C /* SkeletonData.h */ = {isa = PBXFileReference; fileEncoding = 4; lastKnownFileType = sourcecode.c.h; path = SkeletonData.h; sourceTree = "<group>"; };
		33004F0E18A8DD8F003F3D0C /* SkeletonJson.h */ = {isa = PBXFileReference; fileEncoding = 4; lastKnownFileType = sourcecode.c.h; path = SkeletonJson.h; sourceTree = "<group>"; };
		33004F0F18A8DD8F003F3D0C /* Skin.h */ = {isa = PBXFileReference; fileEncoding = 4; lastKnownFileType = sourcecode.c.h; path = Skin.h; sourceTree = "<group>"; };
		33004F1018A8DD8F003F3D0C /* Slot.h */ = {isa = PBXFileReference; fileEncoding = 4; lastKnownFileType = sourcecode.c.h; path = Slot.h; sourceTree = "<group>"; };
		33004F1118A8DD8F003F3D0C /* SlotData.h */ = {isa = PBXFileReference; fileEncoding = 4; lastKnownFileType = sourcecode.c.h; path = SlotData.h; sourceTree = "<group>"; };
		33004F1218A8DD8F003F3D0C /* spine.h */ = {isa = PBXFileReference; fileEncoding = 4; lastKnownFileType = sourcecode.c.h; path = spine.h; sourceTree = "<group>"; };
		33004F1818A8DD8F003F3D0C /* Animation.c */ = {isa = PBXFileReference; fileEncoding = 4; lastKnownFileType = sourcecode.c.c; path = Animation.c; sourceTree = "<group>"; };
		33004F1918A8DD8F003F3D0C /* AnimationState.c */ = {isa = PBXFileReference; fileEncoding = 4; lastKnownFileType = sourcecode.c.c; path = AnimationState.c; sourceTree = "<group>"; };
		33004F1A18A8DD8F003F3D0C /* AnimationStateData.c */ = {isa = PBXFileReference; fileEncoding = 4; lastKnownFileType = sourcecode.c.c; path = AnimationStateData.c; sourceTree = "<group>"; };
		33004F1B18A8DD8F003F3D0C /* Atlas.c */ = {isa = PBXFileReference; fileEncoding = 4; lastKnownFileType = sourcecode.c.c; path = Atlas.c; sourceTree = "<group>"; };
		33004F1C18A8DD8F003F3D0C /* AtlasAttachmentLoader.c */ = {isa = PBXFileReference; fileEncoding = 4; lastKnownFileType = sourcecode.c.c; path = AtlasAttachmentLoader.c; sourceTree = "<group>"; };
		33004F1D18A8DD8F003F3D0C /* Attachment.c */ = {isa = PBXFileReference; fileEncoding = 4; lastKnownFileType = sourcecode.c.c; path = Attachment.c; sourceTree = "<group>"; };
		33004F1E18A8DD8F003F3D0C /* AttachmentLoader.c */ = {isa = PBXFileReference; fileEncoding = 4; lastKnownFileType = sourcecode.c.c; path = AttachmentLoader.c; sourceTree = "<group>"; };
		33004F1F18A8DD8F003F3D0C /* Bone.c */ = {isa = PBXFileReference; fileEncoding = 4; lastKnownFileType = sourcecode.c.c; path = Bone.c; sourceTree = "<group>"; };
		33004F2018A8DD8F003F3D0C /* BoneData.c */ = {isa = PBXFileReference; fileEncoding = 4; lastKnownFileType = sourcecode.c.c; path = BoneData.c; sourceTree = "<group>"; };
		33004F2118A8DD8F003F3D0C /* BoundingBoxAttachment.c */ = {isa = PBXFileReference; fileEncoding = 4; lastKnownFileType = sourcecode.c.c; path = BoundingBoxAttachment.c; sourceTree = "<group>"; };
		33004F2218A8DD8F003F3D0C /* Event.c */ = {isa = PBXFileReference; fileEncoding = 4; lastKnownFileType = sourcecode.c.c; path = Event.c; sourceTree = "<group>"; };
		33004F2318A8DD8F003F3D0C /* EventData.c */ = {isa = PBXFileReference; fileEncoding = 4; lastKnownFileType = sourcecode.c.c; path = EventData.c; sourceTree = "<group>"; };
		33004F2418A8DD8F003F3D0C /* extension.c */ = {isa = PBXFileReference; fileEncoding = 4; lastKnownFileType = sourcecode.c.c; path = extension.c; sourceTree = "<group>"; };
		33004F2518A8DD8F003F3D0C /* Json.c */ = {isa = PBXFileReference; fileEncoding = 4; lastKnownFileType = sourcecode.c.c; path = Json.c; sourceTree = "<group>"; };
		33004F2618A8DD8F003F3D0C /* Json.h */ = {isa = PBXFileReference; fileEncoding = 4; lastKnownFileType = sourcecode.c.h; path = Json.h; sourceTree = "<group>"; };
		33004F2718A8DD8F003F3D0C /* RegionAttachment.c */ = {isa = PBXFileReference; fileEncoding = 4; lastKnownFileType = sourcecode.c.c; path = RegionAttachment.c; sourceTree = "<group>"; };
		33004F2818A8DD8F003F3D0C /* Skeleton.c */ = {isa = PBXFileReference; fileEncoding = 4; lastKnownFileType = sourcecode.c.c; path = Skeleton.c; sourceTree = "<group>"; };
		33004F2918A8DD8F003F3D0C /* SkeletonBounds.c */ = {isa = PBXFileReference; fileEncoding = 4; lastKnownFileType = sourcecode.c.c; path = SkeletonBounds.c; sourceTree = "<group>"; };
		33004F2A18A8DD8F003F3D0C /* SkeletonData.c */ = {isa = PBXFileReference; fileEncoding = 4; lastKnownFileType = sourcecode.c.c; path = SkeletonData.c; sourceTree = "<group>"; };
		33004F2B18A8DD8F003F3D0C /* SkeletonJson.c */ = {isa = PBXFileReference; fileEncoding = 4; lastKnownFileType = sourcecode.c.c; path = SkeletonJson.c; sourceTree = "<group>"; };
		33004F2C18A8DD8F003F3D0C /* Skin.c */ = {isa = PBXFileReference; fileEncoding = 4; lastKnownFileType = sourcecode.c.c; path = Skin.c; sourceTree = "<group>"; };
		33004F2D18A8DD8F003F3D0C /* Slot.c */ = {isa = PBXFileReference; fileEncoding = 4; lastKnownFileType = sourcecode.c.c; path = Slot.c; sourceTree = "<group>"; };
		33004F2E18A8DD8F003F3D0C /* SlotData.c */ = {isa = PBXFileReference; fileEncoding = 4; lastKnownFileType = sourcecode.c.c; path = SlotData.c; sourceTree = "<group>"; };
		33004F3018A8DD8F003F3D0C /* DZSpineLoader.h */ = {isa = PBXFileReference; fileEncoding = 4; lastKnownFileType = sourcecode.c.h; path = DZSpineLoader.h; sourceTree = "<group>"; };
		33004F3118A8DD8F003F3D0C /* DZSpineLoader.m */ = {isa = PBXFileReference; fileEncoding = 4; lastKnownFileType = sourcecode.c.objc; path = DZSpineLoader.m; sourceTree = "<group>"; };
		33004F3218A8DD8F003F3D0C /* spine_adapt.h */ = {isa = PBXFileReference; fileEncoding = 4; lastKnownFileType = sourcecode.c.h; path = spine_adapt.h; sourceTree = "<group>"; };
		33004F3318A8DD8F003F3D0C /* spine_adapt.m */ = {isa = PBXFileReference; fileEncoding = 4; lastKnownFileType = sourcecode.c.objc; path = spine_adapt.m; sourceTree = "<group>"; };
		33004F3418A8DD8F003F3D0C /* SpineAnimation.h */ = {isa = PBXFileReference; fileEncoding = 4; lastKnownFileType = sourcecode.c.h; path = SpineAnimation.h; sourceTree = "<group>"; };
		33004F3518A8DD8F003F3D0C /* SpineAnimation.m */ = {isa = PBXFileReference; fileEncoding = 4; lastKnownFileType = sourcecode.c.objc; path = SpineAnimation.m; sourceTree = "<group>"; };
		33004F3618A8DD8F003F3D0C /* SpineAttachment.h */ = {isa = PBXFileReference; fileEncoding = 4; lastKnownFileType = sourcecode.c.h; path = SpineAttachment.h; sourceTree = "<group>"; };
		33004F3718A8DD8F003F3D0C /* SpineAttachment.m */ = {isa = PBXFileReference; fileEncoding = 4; lastKnownFileType = sourcecode.c.objc; path = SpineAttachment.m; sourceTree = "<group>"; };
		33004F3818A8DD8F003F3D0C /* SpineBone.h */ = {isa = PBXFileReference; fileEncoding = 4; lastKnownFileType = sourcecode.c.h; path = SpineBone.h; sourceTree = "<group>"; };
		33004F3918A8DD8F003F3D0C /* SpineBone.m */ = {isa = PBXFileReference; fileEncoding = 4; lastKnownFileType = sourcecode.c.objc; path = SpineBone.m; sourceTree = "<group>"; };
		33004F3A18A8DD8F003F3D0C /* SpineGeometry.h */ = {isa = PBXFileReference; fileEncoding = 4; lastKnownFileType = sourcecode.c.h; path = SpineGeometry.h; sourceTree = "<group>"; };
		33004F3B18A8DD8F003F3D0C /* SpineGeometry.m */ = {isa = PBXFileReference; fileEncoding = 4; lastKnownFileType = sourcecode.c.objc; path = SpineGeometry.m; sourceTree = "<group>"; };
		33004F3C18A8DD8F003F3D0C /* SpineSequence.h */ = {isa = PBXFileReference; fileEncoding = 4; lastKnownFileType = sourcecode.c.h; path = SpineSequence.h; sourceTree = "<group>"; };
		33004F3D18A8DD8F003F3D0C /* SpineSequence.m */ = {isa = PBXFileReference; fileEncoding = 4; lastKnownFileType = sourcecode.c.objc; path = SpineSequence.m; sourceTree = "<group>"; };
		33004F3E18A8DD8F003F3D0C /* SpineSkeleton.h */ = {isa = PBXFileReference; fileEncoding = 4; lastKnownFileType = sourcecode.c.h; path = SpineSkeleton.h; sourceTree = "<group>"; };
		33004F3F18A8DD8F003F3D0C /* SpineSkeleton.m */ = {isa = PBXFileReference; fileEncoding = 4; lastKnownFileType = sourcecode.c.objc; path = SpineSkeleton.m; sourceTree = "<group>"; };
		33004F4018A8DD8F003F3D0C /* SpineSlot.h */ = {isa = PBXFileReference; fileEncoding = 4; lastKnownFileType = sourcecode.c.h; path = SpineSlot.h; sourceTree = "<group>"; };
		33004F4118A8DD8F003F3D0C /* SpineSlot.m */ = {isa = PBXFileReference; fileEncoding = 4; lastKnownFileType = sourcecode.c.objc; path = SpineSlot.m; sourceTree = "<group>"; };
		33004F4218A8DD8F003F3D0C /* SpineTimeline.h */ = {isa = PBXFileReference; fileEncoding = 4; lastKnownFileType = sourcecode.c.h; path = SpineTimeline.h; sourceTree = "<group>"; };
		33004F4318A8DD8F003F3D0C /* SpineTimeline.m */ = {isa = PBXFileReference; fileEncoding = 4; lastKnownFileType = sourcecode.c.objc; path = SpineTimeline.m; sourceTree = "<group>"; };
		33004F4518A8DD8F003F3D0C /* DZSpineScene.h */ = {isa = PBXFileReference; fileEncoding = 4; lastKnownFileType = sourcecode.c.h; path = DZSpineScene.h; sourceTree = "<group>"; };
		33004F4618A8DD8F003F3D0C /* DZSpineScene.m */ = {isa = PBXFileReference; fileEncoding = 4; lastKnownFileType = sourcecode.c.objc; path = DZSpineScene.m; sourceTree = "<group>"; };
		33004F4718A8DD8F003F3D0C /* DZSpineSceneBuilder.h */ = {isa = PBXFileReference; fileEncoding = 4; lastKnownFileType = sourcecode.c.h; path = DZSpineSceneBuilder.h; sourceTree = "<group>"; };
		33004F4818A8DD8F003F3D0C /* DZSpineSceneBuilder.m */ = {isa = PBXFileReference; fileEncoding = 4; lastKnownFileType = sourcecode.c.objc; path = DZSpineSceneBuilder.m; sourceTree = "<group>"; };
		33004F4918A8DD8F003F3D0C /* DZSpineSceneDescription.h */ = {isa = PBXFileReference; fileEncoding = 4; lastKnownFileType = sourcecode.c.h; path = DZSpineSceneDescription.h; sourceTree = "<group>"; };
		33004F4A18A8DD8F003F3D0C /* DZSpineSceneDescription.m */ = {isa = PBXFileReference; fileEncoding = 4; lastKnownFileType = sourcecode.c.objc; path = DZSpineSceneDescription.m; sourceTree = "<group>"; };
		33004F4B18A8DD8F003F3D0C /* DZSpineSceneTrack.h */ = {isa = PBXFileReference; fileEncoding = 4; lastKnownFileType = sourcecode.c.h; path = DZSpineSceneTrack.h; sourceTree = "<group>"; };
		33004F4C18A8DD8F003F3D0C /* DZSpineSceneTrack.m */ = {isa = PBXFileReference; fileEncoding = 4; lastKnownFileType = sourcecode.c.objc; path = DZSpineSceneTrack.m; sourceTree = "<group>"; };
		33004F4D18A8DD8F003F3D0C /* DZSpineSpriteKitAnimation.h */ = {isa = PBXFileReference; fileEncoding = 4; lastKnownFileType = sourcecode.c.h; path = DZSpineSpriteKitAnimation.h; sourceTree = "<group>"; };
		33004F4E18A8DD8F003F3D0C /* DZSpineSpriteKitAnimation.m */ = {isa = PBXFileReference; fileEncoding = 4; lastKnownFileType = sourcecode.c.objc; path = DZSpineSpriteKitAnimation.m; sourceTree = "<group>"; };
		33004F4F18A8DD8F003F3D0C /* DZSpineSpriteKitMaps.h */ = {isa = PBXFileReference; fileEncoding = 4; lastKnownFileType = sourcecode.c.h; path = DZSpineSpriteKitMaps.h; sourceTree = "<group>"; };
		33004F5018A8DD8F003F3D0C /* DZSpineSpriteKitMaps.m */ = {isa = PBXFileReference; fileEncoding = 4; lastKnownFileType = sourcecode.c.objc; path = DZSpineSpriteKitMaps.m; sourceTree = "<group>"; };
		33004F5118A8DD8F003F3D0C /* DZSpineTexturePool.h */ = {isa = PBXFileReference; fileEncoding = 4; lastKnownFileType = sourcecode.c.h; path = DZSpineTexturePool.h; sourceTree = "<group>"; };
		33004F5218A8DD8F003F3D0C /* DZSpineTexturePool.m */ = {isa = PBXFileReference; fileEncoding = 4; lastKnownFileType = sourcecode.c.objc; path = DZSpineTexturePool.m; sourceTree = "<group>"; };
		3300502718A90C09003F3D0C /* skeleton.atlas */ = {isa = PBXFileReference; fileEncoding = 4; lastKnownFileType = text; path = skeleton.atlas; sourceTree = "<group>"; };
		3300502818A90C09003F3D0C /* skeleton.json */ = {isa = PBXFileReference; fileEncoding = 4; lastKnownFileType = text.json; path = skeleton.json; sourceTree = "<group>"; };
		3300502918A90C09003F3D0C /* skeleton.png */ = {isa = PBXFileReference; lastKnownFileType = image.png; path = skeleton.png; sourceTree = "<group>"; };
/* End PBXFileReference section */

/* Begin PBXFrameworksBuildPhase section */
		33004C9218A8D33D003F3D0C /* Frameworks */ = {
			isa = PBXFrameworksBuildPhase;
			buildActionMask = 2147483647;
			files = (
				33004C9B18A8D33D003F3D0C /* SpriteKit.framework in Frameworks */,
				33004C9918A8D33D003F3D0C /* Cocoa.framework in Frameworks */,
			);
			runOnlyForDeploymentPostprocessing = 0;
		};
		33004CB918A8D33D003F3D0C /* Frameworks */ = {
			isa = PBXFrameworksBuildPhase;
			buildActionMask = 2147483647;
			files = (
				33004CBF18A8D33D003F3D0C /* Cocoa.framework in Frameworks */,
				33004CBE18A8D33D003F3D0C /* XCTest.framework in Frameworks */,
			);
			runOnlyForDeploymentPostprocessing = 0;
		};
		33004CD318A8D365003F3D0C /* Frameworks */ = {
			isa = PBXFrameworksBuildPhase;
			buildActionMask = 2147483647;
			files = (
				33004CDA18A8D365003F3D0C /* CoreGraphics.framework in Frameworks */,
				33004CDC18A8D365003F3D0C /* UIKit.framework in Frameworks */,
				33004CDD18A8D365003F3D0C /* SpriteKit.framework in Frameworks */,
				33004CD818A8D365003F3D0C /* Foundation.framework in Frameworks */,
			);
			runOnlyForDeploymentPostprocessing = 0;
		};
		33004CFB18A8D366003F3D0C /* Frameworks */ = {
			isa = PBXFrameworksBuildPhase;
			buildActionMask = 2147483647;
			files = (
				33004CFF18A8D366003F3D0C /* XCTest.framework in Frameworks */,
				33004D0118A8D366003F3D0C /* UIKit.framework in Frameworks */,
				33004D0018A8D366003F3D0C /* Foundation.framework in Frameworks */,
			);
			runOnlyForDeploymentPostprocessing = 0;
		};
/* End PBXFrameworksBuildPhase section */

/* Begin PBXGroup section */
		33004C8C18A8D33D003F3D0C = {
			isa = PBXGroup;
			children = (
				33004D1318A8D387003F3D0C /* Shared Assets */,
				33004CA018A8D33D003F3D0C /* SpineTestingMac */,
				33004CDE18A8D365003F3D0C /* SpineTestingiOS */,
				33004D1218A8D36E003F3D0C /* tests */,
				33004C9718A8D33D003F3D0C /* Frameworks */,
				33004C9618A8D33D003F3D0C /* Products */,
			);
			sourceTree = "<group>";
		};
		33004C9618A8D33D003F3D0C /* Products */ = {
			isa = PBXGroup;
			children = (
				33004C9518A8D33D003F3D0C /* SpineTesting.app */,
				33004CBC18A8D33D003F3D0C /* SpineTestingTests.xctest */,
				33004CD618A8D365003F3D0C /* SpineTestingiOS.app */,
				33004CFE18A8D366003F3D0C /* SpineTestingiOSTests.xctest */,
			);
			name = Products;
			sourceTree = "<group>";
		};
		33004C9718A8D33D003F3D0C /* Frameworks */ = {
			isa = PBXGroup;
			children = (
				33004C9818A8D33D003F3D0C /* Cocoa.framework */,
				33004C9A18A8D33D003F3D0C /* SpriteKit.framework */,
				33004CBD18A8D33D003F3D0C /* XCTest.framework */,
				33004CD718A8D365003F3D0C /* Foundation.framework */,
				33004CD918A8D365003F3D0C /* CoreGraphics.framework */,
				33004CDB18A8D365003F3D0C /* UIKit.framework */,
				33004C9C18A8D33D003F3D0C /* Other Frameworks */,
			);
			name = Frameworks;
			sourceTree = "<group>";
		};
		33004C9C18A8D33D003F3D0C /* Other Frameworks */ = {
			isa = PBXGroup;
			children = (
				33004C9D18A8D33D003F3D0C /* AppKit.framework */,
				33004C9E18A8D33D003F3D0C /* CoreData.framework */,
				33004C9F18A8D33D003F3D0C /* Foundation.framework */,
			);
			name = "Other Frameworks";
			sourceTree = "<group>";
		};
		33004CA018A8D33D003F3D0C /* SpineTestingMac */ = {
			isa = PBXGroup;
			children = (
				33004CAC18A8D33D003F3D0C /* MainMenu.xib */,
				33004CB118A8D33D003F3D0C /* SGG_AppDelegate.m */,
				33004CB318A8D33D003F3D0C /* SGG_AppDelegate.h */,
				33004CA118A8D33D003F3D0C /* Supporting Files */,
			);
			name = SpineTestingMac;
			path = SpineTesting;
			sourceTree = "<group>";
		};
		33004CA118A8D33D003F3D0C /* Supporting Files */ = {
			isa = PBXGroup;
			children = (
				33004CA218A8D33D003F3D0C /* SpineTesting-Info.plist */,
				33004CA318A8D33D003F3D0C /* InfoPlist.strings */,
				33004CA618A8D33D003F3D0C /* main.m */,
				33004CA818A8D33D003F3D0C /* SpineTesting-Prefix.pch */,
				33004CA918A8D33D003F3D0C /* Credits.rtf */,
			);
			name = "Supporting Files";
			sourceTree = "<group>";
		};
		33004CC218A8D33D003F3D0C /* SpineTestingTests */ = {
			isa = PBXGroup;
			children = (
				33004CC818A8D33D003F3D0C /* SpineTestingTests.m */,
				33004CC318A8D33D003F3D0C /* Supporting Files */,
			);
			path = SpineTestingTests;
			sourceTree = "<group>";
		};
		33004CC318A8D33D003F3D0C /* Supporting Files */ = {
			isa = PBXGroup;
			children = (
				33004CC418A8D33D003F3D0C /* SpineTestingTests-Info.plist */,
				33004CC518A8D33D003F3D0C /* InfoPlist.strings */,
			);
			name = "Supporting Files";
			sourceTree = "<group>";
		};
		33004CDE18A8D365003F3D0C /* SpineTestingiOS */ = {
			isa = PBXGroup;
			children = (
				33004CE718A8D365003F3D0C /* SGG_AppDelegate.h */,
				33004CE818A8D365003F3D0C /* SGG_AppDelegate.m */,
				33004CEA18A8D365003F3D0C /* Main_iPhone.storyboard */,
				33004CED18A8D365003F3D0C /* Main_iPad.storyboard */,
				33004CF018A8D365003F3D0C /* SGG_ViewController.h */,
				33004CF118A8D365003F3D0C /* SGG_ViewController.m */,
				33004CDF18A8D365003F3D0C /* Supporting Files */,
			);
			path = SpineTestingiOS;
			sourceTree = "<group>";
		};
		33004CDF18A8D365003F3D0C /* Supporting Files */ = {
			isa = PBXGroup;
			children = (
				33004CE018A8D365003F3D0C /* SpineTestingiOS-Info.plist */,
				33004CE118A8D365003F3D0C /* InfoPlist.strings */,
				33004CE418A8D365003F3D0C /* main.m */,
				33004CE618A8D365003F3D0C /* SpineTestingiOS-Prefix.pch */,
			);
			name = "Supporting Files";
			sourceTree = "<group>";
		};
		33004D0418A8D366003F3D0C /* SpineTestingiOSTests */ = {
			isa = PBXGroup;
			children = (
				33004D0A18A8D366003F3D0C /* SpineTestingiOSTests.m */,
				33004D0518A8D366003F3D0C /* Supporting Files */,
			);
			path = SpineTestingiOSTests;
			sourceTree = "<group>";
		};
		33004D0518A8D366003F3D0C /* Supporting Files */ = {
			isa = PBXGroup;
			children = (
				33004D0618A8D366003F3D0C /* SpineTestingiOSTests-Info.plist */,
				33004D0718A8D366003F3D0C /* InfoPlist.strings */,
			);
			name = "Supporting Files";
			sourceTree = "<group>";
		};
		33004D1218A8D36E003F3D0C /* tests */ = {
			isa = PBXGroup;
			children = (
				33004CC218A8D33D003F3D0C /* SpineTestingTests */,
				33004D0418A8D366003F3D0C /* SpineTestingiOSTests */,
			);
			name = tests;
			sourceTree = "<group>";
		};
		33004D1318A8D387003F3D0C /* Shared Assets */ = {
			isa = PBXGroup;
			children = (
				33004EEC18A8DD8F003F3D0C /* spine-c */,
				33004F2F18A8DD8F003F3D0C /* spine-spritekit */,
				33004CB018A8D33D003F3D0C /* SGG_MyScene.h */,
				33004CAE18A8D33D003F3D0C /* SGG_MyScene.m */,
				3300502718A90C09003F3D0C /* skeleton.atlas */,
				3300502818A90C09003F3D0C /* skeleton.json */,
				3300502918A90C09003F3D0C /* skeleton.png */,
				33004CB418A8D33D003F3D0C /* Spaceship.png */,
				33004CB618A8D33D003F3D0C /* Images.xcassets */,
			);
			name = "Shared Assets";
			path = SpineTesting;
			sourceTree = "<group>";
		};
		33004EEC18A8DD8F003F3D0C /* spine-c */ = {
			isa = PBXGroup;
			children = (
				33004EFB18A8DD8F003F3D0C /* include */,
				33004F1618A8DD8F003F3D0C /* src */,
			);
			name = "spine-c";
			path = "../spine-c";
			sourceTree = "<group>";
		};
		33004EFB18A8DD8F003F3D0C /* include */ = {
			isa = PBXGroup;
			children = (
				33004EFC18A8DD8F003F3D0C /* spine */,
			);
			path = include;
			sourceTree = "<group>";
		};
		33004EFC18A8DD8F003F3D0C /* spine */ = {
			isa = PBXGroup;
			children = (
				33004EFD18A8DD8F003F3D0C /* Animation.h */,
				33004EFE18A8DD8F003F3D0C /* AnimationState.h */,
				33004EFF18A8DD8F003F3D0C /* AnimationStateData.h */,
				33004F0018A8DD8F003F3D0C /* Atlas.h */,
				33004F0118A8DD8F003F3D0C /* AtlasAttachmentLoader.h */,
				33004F0218A8DD8F003F3D0C /* Attachment.h */,
				33004F0318A8DD8F003F3D0C /* AttachmentLoader.h */,
				33004F0418A8DD8F003F3D0C /* Bone.h */,
				33004F0518A8DD8F003F3D0C /* BoneData.h */,
				33004F0618A8DD8F003F3D0C /* BoundingBoxAttachment.h */,
				33004F0718A8DD8F003F3D0C /* Event.h */,
				33004F0818A8DD8F003F3D0C /* EventData.h */,
				33004F0918A8DD8F003F3D0C /* extension.h */,
				33004F0A18A8DD8F003F3D0C /* RegionAttachment.h */,
				33004F0B18A8DD8F003F3D0C /* Skeleton.h */,
				33004F0C18A8DD8F003F3D0C /* SkeletonBounds.h */,
				33004F0D18A8DD8F003F3D0C /* SkeletonData.h */,
				33004F0E18A8DD8F003F3D0C /* SkeletonJson.h */,
				33004F0F18A8DD8F003F3D0C /* Skin.h */,
				33004F1018A8DD8F003F3D0C /* Slot.h */,
				33004F1118A8DD8F003F3D0C /* SlotData.h */,
				33004F1218A8DD8F003F3D0C /* spine.h */,
			);
			path = spine;
			sourceTree = "<group>";
		};
		33004F1618A8DD8F003F3D0C /* src */ = {
			isa = PBXGroup;
			children = (
				33004F1718A8DD8F003F3D0C /* spine */,
			);
			path = src;
			sourceTree = "<group>";
		};
		33004F1718A8DD8F003F3D0C /* spine */ = {
			isa = PBXGroup;
			children = (
				33004F1818A8DD8F003F3D0C /* Animation.c */,
				33004F1918A8DD8F003F3D0C /* AnimationState.c */,
				33004F1A18A8DD8F003F3D0C /* AnimationStateData.c */,
				33004F1B18A8DD8F003F3D0C /* Atlas.c */,
				33004F1C18A8DD8F003F3D0C /* AtlasAttachmentLoader.c */,
				33004F1D18A8DD8F003F3D0C /* Attachment.c */,
				33004F1E18A8DD8F003F3D0C /* AttachmentLoader.c */,
				33004F1F18A8DD8F003F3D0C /* Bone.c */,
				33004F2018A8DD8F003F3D0C /* BoneData.c */,
				33004F2118A8DD8F003F3D0C /* BoundingBoxAttachment.c */,
				33004F2218A8DD8F003F3D0C /* Event.c */,
				33004F2318A8DD8F003F3D0C /* EventData.c */,
				33004F2418A8DD8F003F3D0C /* extension.c */,
				33004F2518A8DD8F003F3D0C /* Json.c */,
				33004F2618A8DD8F003F3D0C /* Json.h */,
				33004F2718A8DD8F003F3D0C /* RegionAttachment.c */,
				33004F2818A8DD8F003F3D0C /* Skeleton.c */,
				33004F2918A8DD8F003F3D0C /* SkeletonBounds.c */,
				33004F2A18A8DD8F003F3D0C /* SkeletonData.c */,
				33004F2B18A8DD8F003F3D0C /* SkeletonJson.c */,
				33004F2C18A8DD8F003F3D0C /* Skin.c */,
				33004F2D18A8DD8F003F3D0C /* Slot.c */,
				33004F2E18A8DD8F003F3D0C /* SlotData.c */,
			);
			path = spine;
			sourceTree = "<group>";
		};
		33004F2F18A8DD8F003F3D0C /* spine-spritekit */ = {
			isa = PBXGroup;
			children = (
				33004F3018A8DD8F003F3D0C /* DZSpineLoader.h */,
				33004F3118A8DD8F003F3D0C /* DZSpineLoader.m */,
				33004F3218A8DD8F003F3D0C /* spine_adapt.h */,
				33004F3318A8DD8F003F3D0C /* spine_adapt.m */,
				33004F3418A8DD8F003F3D0C /* SpineAnimation.h */,
				33004F3518A8DD8F003F3D0C /* SpineAnimation.m */,
				33004F3618A8DD8F003F3D0C /* SpineAttachment.h */,
				33004F3718A8DD8F003F3D0C /* SpineAttachment.m */,
				33004F3818A8DD8F003F3D0C /* SpineBone.h */,
				33004F3918A8DD8F003F3D0C /* SpineBone.m */,
				33004F3A18A8DD8F003F3D0C /* SpineGeometry.h */,
				33004F3B18A8DD8F003F3D0C /* SpineGeometry.m */,
				33004F3C18A8DD8F003F3D0C /* SpineSequence.h */,
				33004F3D18A8DD8F003F3D0C /* SpineSequence.m */,
				33004F3E18A8DD8F003F3D0C /* SpineSkeleton.h */,
				33004F3F18A8DD8F003F3D0C /* SpineSkeleton.m */,
				33004F4018A8DD8F003F3D0C /* SpineSlot.h */,
				33004F4118A8DD8F003F3D0C /* SpineSlot.m */,
				33004F4218A8DD8F003F3D0C /* SpineTimeline.h */,
				33004F4318A8DD8F003F3D0C /* SpineTimeline.m */,
				33004F4418A8DD8F003F3D0C /* SpriteKit */,
			);
			name = "spine-spritekit";
			path = "../spine-spritekit";
			sourceTree = "<group>";
		};
		33004F4418A8DD8F003F3D0C /* SpriteKit */ = {
			isa = PBXGroup;
			children = (
				33004F4518A8DD8F003F3D0C /* DZSpineScene.h */,
				33004F4618A8DD8F003F3D0C /* DZSpineScene.m */,
				33004F4718A8DD8F003F3D0C /* DZSpineSceneBuilder.h */,
				33004F4818A8DD8F003F3D0C /* DZSpineSceneBuilder.m */,
				33004F4918A8DD8F003F3D0C /* DZSpineSceneDescription.h */,
				33004F4A18A8DD8F003F3D0C /* DZSpineSceneDescription.m */,
				33004F4B18A8DD8F003F3D0C /* DZSpineSceneTrack.h */,
				33004F4C18A8DD8F003F3D0C /* DZSpineSceneTrack.m */,
				33004F4D18A8DD8F003F3D0C /* DZSpineSpriteKitAnimation.h */,
				33004F4E18A8DD8F003F3D0C /* DZSpineSpriteKitAnimation.m */,
				33004F4F18A8DD8F003F3D0C /* DZSpineSpriteKitMaps.h */,
				33004F5018A8DD8F003F3D0C /* DZSpineSpriteKitMaps.m */,
				33004F5118A8DD8F003F3D0C /* DZSpineTexturePool.h */,
				33004F5218A8DD8F003F3D0C /* DZSpineTexturePool.m */,
			);
			path = SpriteKit;
			sourceTree = "<group>";
		};
/* End PBXGroup section */

/* Begin PBXNativeTarget section */
		33004C9418A8D33D003F3D0C /* SpineTesting */ = {
			isa = PBXNativeTarget;
			buildConfigurationList = 33004CCC18A8D33D003F3D0C /* Build configuration list for PBXNativeTarget "SpineTesting" */;
			buildPhases = (
				33004C9118A8D33D003F3D0C /* Sources */,
				33004C9218A8D33D003F3D0C /* Frameworks */,
				33004C9318A8D33D003F3D0C /* Resources */,
			);
			buildRules = (
			);
			dependencies = (
			);
			name = SpineTesting;
			productName = SpineTesting;
			productReference = 33004C9518A8D33D003F3D0C /* SpineTesting.app */;
			productType = "com.apple.product-type.application";
		};
		33004CBB18A8D33D003F3D0C /* SpineTestingTests */ = {
			isa = PBXNativeTarget;
			buildConfigurationList = 33004CCF18A8D33D003F3D0C /* Build configuration list for PBXNativeTarget "SpineTestingTests" */;
			buildPhases = (
				33004CB818A8D33D003F3D0C /* Sources */,
				33004CB918A8D33D003F3D0C /* Frameworks */,
				33004CBA18A8D33D003F3D0C /* Resources */,
			);
			buildRules = (
			);
			dependencies = (
				33004CC118A8D33D003F3D0C /* PBXTargetDependency */,
			);
			name = SpineTestingTests;
			productName = SpineTestingTests;
			productReference = 33004CBC18A8D33D003F3D0C /* SpineTestingTests.xctest */;
			productType = "com.apple.product-type.bundle.unit-test";
		};
		33004CD518A8D365003F3D0C /* SpineTestingiOS */ = {
			isa = PBXNativeTarget;
			buildConfigurationList = 33004D0C18A8D366003F3D0C /* Build configuration list for PBXNativeTarget "SpineTestingiOS" */;
			buildPhases = (
				33004CD218A8D365003F3D0C /* Sources */,
				33004CD318A8D365003F3D0C /* Frameworks */,
				33004CD418A8D365003F3D0C /* Resources */,
			);
			buildRules = (
			);
			dependencies = (
			);
			name = SpineTestingiOS;
			productName = SpineTestingiOS;
			productReference = 33004CD618A8D365003F3D0C /* SpineTestingiOS.app */;
			productType = "com.apple.product-type.application";
		};
		33004CFD18A8D366003F3D0C /* SpineTestingiOSTests */ = {
			isa = PBXNativeTarget;
			buildConfigurationList = 33004D0F18A8D366003F3D0C /* Build configuration list for PBXNativeTarget "SpineTestingiOSTests" */;
			buildPhases = (
				33004CFA18A8D366003F3D0C /* Sources */,
				33004CFB18A8D366003F3D0C /* Frameworks */,
				33004CFC18A8D366003F3D0C /* Resources */,
			);
			buildRules = (
			);
			dependencies = (
				33004D0318A8D366003F3D0C /* PBXTargetDependency */,
			);
			name = SpineTestingiOSTests;
			productName = SpineTestingiOSTests;
			productReference = 33004CFE18A8D366003F3D0C /* SpineTestingiOSTests.xctest */;
			productType = "com.apple.product-type.bundle.unit-test";
		};
/* End PBXNativeTarget section */

/* Begin PBXProject section */
		33004C8D18A8D33D003F3D0C /* Project object */ = {
			isa = PBXProject;
			attributes = {
				CLASSPREFIX = SGG_;
				LastUpgradeCheck = 0500;
				ORGANIZATIONNAME = "Secret Game Group LLC";
				TargetAttributes = {
					33004CBB18A8D33D003F3D0C = {
						TestTargetID = 33004C9418A8D33D003F3D0C;
					};
					33004CFD18A8D366003F3D0C = {
						TestTargetID = 33004C9418A8D33D003F3D0C;
					};
				};
			};
			buildConfigurationList = 33004C9018A8D33D003F3D0C /* Build configuration list for PBXProject "SpineTesting" */;
			compatibilityVersion = "Xcode 3.2";
			developmentRegion = English;
			hasScannedForEncodings = 0;
			knownRegions = (
				en,
				Base,
			);
			mainGroup = 33004C8C18A8D33D003F3D0C;
			productRefGroup = 33004C9618A8D33D003F3D0C /* Products */;
			projectDirPath = "";
			projectRoot = "";
			targets = (
				33004C9418A8D33D003F3D0C /* SpineTesting */,
				33004CBB18A8D33D003F3D0C /* SpineTestingTests */,
				33004CD518A8D365003F3D0C /* SpineTestingiOS */,
				33004CFD18A8D366003F3D0C /* SpineTestingiOSTests */,
			);
		};
/* End PBXProject section */

/* Begin PBXResourcesBuildPhase section */
		33004C9318A8D33D003F3D0C /* Resources */ = {
			isa = PBXResourcesBuildPhase;
			buildActionMask = 2147483647;
			files = (
				33004CB518A8D33D003F3D0C /* Spaceship.png in Resources */,
				33004CB718A8D33D003F3D0C /* Images.xcassets in Resources */,
				33004CA518A8D33D003F3D0C /* InfoPlist.strings in Resources */,
				3300502E18A90C09003F3D0C /* skeleton.json in Resources */,
				3300503218A90C09003F3D0C /* skeleton.png in Resources */,
				33004CAB18A8D33D003F3D0C /* Credits.rtf in Resources */,
				3300502A18A90C09003F3D0C /* skeleton.atlas in Resources */,
				33004CAD18A8D33D003F3D0C /* MainMenu.xib in Resources */,
			);
			runOnlyForDeploymentPostprocessing = 0;
		};
		33004CBA18A8D33D003F3D0C /* Resources */ = {
			isa = PBXResourcesBuildPhase;
			buildActionMask = 2147483647;
			files = (
				3300503318A90C09003F3D0C /* skeleton.png in Resources */,
				3300502B18A90C09003F3D0C /* skeleton.atlas in Resources */,
				33004CC718A8D33D003F3D0C /* InfoPlist.strings in Resources */,
				3300502F18A90C09003F3D0C /* skeleton.json in Resources */,
			);
			runOnlyForDeploymentPostprocessing = 0;
		};
		33004CD418A8D365003F3D0C /* Resources */ = {
			isa = PBXResourcesBuildPhase;
			buildActionMask = 2147483647;
			files = (
				3300503018A90C09003F3D0C /* skeleton.json in Resources */,
				33004CEF18A8D365003F3D0C /* Main_iPad.storyboard in Resources */,
				33004CEC18A8D365003F3D0C /* Main_iPhone.storyboard in Resources */,
				3300502C18A90C09003F3D0C /* skeleton.atlas in Resources */,
				3300503418A90C09003F3D0C /* skeleton.png in Resources */,
				33004CE318A8D365003F3D0C /* InfoPlist.strings in Resources */,
			);
			runOnlyForDeploymentPostprocessing = 0;
		};
		33004CFC18A8D366003F3D0C /* Resources */ = {
			isa = PBXResourcesBuildPhase;
			buildActionMask = 2147483647;
			files = (
				3300503518A90C09003F3D0C /* skeleton.png in Resources */,
				3300502D18A90C09003F3D0C /* skeleton.atlas in Resources */,
				33004D0918A8D366003F3D0C /* InfoPlist.strings in Resources */,
				3300503118A90C09003F3D0C /* skeleton.json in Resources */,
			);
			runOnlyForDeploymentPostprocessing = 0;
		};
/* End PBXResourcesBuildPhase section */

/* Begin PBXSourcesBuildPhase section */
		33004C9118A8D33D003F3D0C /* Sources */ = {
			isa = PBXSourcesBuildPhase;
			buildActionMask = 2147483647;
			files = (
				33004FC718A8DD8F003F3D0C /* Skeleton.c in Sources */,
				33004FDF18A8DD8F003F3D0C /* SlotData.c in Sources */,
				33004FEB18A8DD8F003F3D0C /* SpineAnimation.m in Sources */,
				33004FD318A8DD8F003F3D0C /* SkeletonJson.c in Sources */,
				33004FC318A8DD8F003F3D0C /* RegionAttachment.c in Sources */,
				33004F9B18A8DD8F003F3D0C /* AtlasAttachmentLoader.c in Sources */,
				33004FAB18A8DD8F003F3D0C /* BoneData.c in Sources */,
				33004FDB18A8DD8F003F3D0C /* Slot.c in Sources */,
				3300502318A8DD8F003F3D0C /* DZSpineTexturePool.m in Sources */,
				3300501318A8DD8F003F3D0C /* DZSpineSceneDescription.m in Sources */,
				33004FE318A8DD8F003F3D0C /* DZSpineLoader.m in Sources */,
				3300501F18A8DD8F003F3D0C /* DZSpineSpriteKitMaps.m in Sources */,
				33004F8F18A8DD8F003F3D0C /* AnimationState.c in Sources */,
				3300500F18A8DD8F003F3D0C /* DZSpineSceneBuilder.m in Sources */,
				33004F9318A8DD8F003F3D0C /* AnimationStateData.c in Sources */,
				33004F8B18A8DD8F003F3D0C /* Animation.c in Sources */,
				3300500718A8DD8F003F3D0C /* SpineTimeline.m in Sources */,
				33004F9F18A8DD8F003F3D0C /* Attachment.c in Sources */,
				33004CB218A8D33D003F3D0C /* SGG_AppDelegate.m in Sources */,
				33004FCB18A8DD8F003F3D0C /* SkeletonBounds.c in Sources */,
				33004FB718A8DD8F003F3D0C /* EventData.c in Sources */,
				33004FF318A8DD8F003F3D0C /* SpineBone.m in Sources */,
				33004FFF18A8DD8F003F3D0C /* SpineSkeleton.m in Sources */,
				33004FE718A8DD8F003F3D0C /* spine_adapt.m in Sources */,
				33004FAF18A8DD8F003F3D0C /* BoundingBoxAttachment.c in Sources */,
				33004FA718A8DD8F003F3D0C /* Bone.c in Sources */,
				33004FFB18A8DD8F003F3D0C /* SpineSequence.m in Sources */,
				33004FF718A8DD8F003F3D0C /* SpineGeometry.m in Sources */,
				3300500318A8DD8F003F3D0C /* SpineSlot.m in Sources */,
				33004FEF18A8DD8F003F3D0C /* SpineAttachment.m in Sources */,
				33004FA318A8DD8F003F3D0C /* AttachmentLoader.c in Sources */,
				3300501718A8DD8F003F3D0C /* DZSpineSceneTrack.m in Sources */,
				33004F9718A8DD8F003F3D0C /* Atlas.c in Sources */,
				3300500B18A8DD8F003F3D0C /* DZSpineScene.m in Sources */,
				33004FB318A8DD8F003F3D0C /* Event.c in Sources */,
				33004FBB18A8DD8F003F3D0C /* extension.c in Sources */,
				33004FCF18A8DD8F003F3D0C /* SkeletonData.c in Sources */,
				33004FD718A8DD8F003F3D0C /* Skin.c in Sources */,
				3300501B18A8DD8F003F3D0C /* DZSpineSpriteKitAnimation.m in Sources */,
				33004FBF18A8DD8F003F3D0C /* Json.c in Sources */,
				33004CAF18A8D33D003F3D0C /* SGG_MyScene.m in Sources */,
				33004CA718A8D33D003F3D0C /* main.m in Sources */,
			);
			runOnlyForDeploymentPostprocessing = 0;
		};
		33004CB818A8D33D003F3D0C /* Sources */ = {
			isa = PBXSourcesBuildPhase;
			buildActionMask = 2147483647;
			files = (
				33004FF018A8DD8F003F3D0C /* SpineAttachment.m in Sources */,
				33004FD418A8DD8F003F3D0C /* SkeletonJson.c in Sources */,
				33004FF418A8DD8F003F3D0C /* SpineBone.m in Sources */,
				33004FFC18A8DD8F003F3D0C /* SpineSequence.m in Sources */,
				33004FB418A8DD8F003F3D0C /* Event.c in Sources */,
				33004FC018A8DD8F003F3D0C /* Json.c in Sources */,
				3300500C18A8DD8F003F3D0C /* DZSpineScene.m in Sources */,
				33004FBC18A8DD8F003F3D0C /* extension.c in Sources */,
				33004FD818A8DD8F003F3D0C /* Skin.c in Sources */,
				3300501C18A8DD8F003F3D0C /* DZSpineSpriteKitAnimation.m in Sources */,
				33004FEC18A8DD8F003F3D0C /* SpineAnimation.m in Sources */,
				33004FDC18A8DD8F003F3D0C /* Slot.c in Sources */,
				33004FE818A8DD8F003F3D0C /* spine_adapt.m in Sources */,
				33004F9418A8DD8F003F3D0C /* AnimationStateData.c in Sources */,
				33004FE018A8DD8F003F3D0C /* SlotData.c in Sources */,
				33004FB818A8DD8F003F3D0C /* EventData.c in Sources */,
				3300500018A8DD8F003F3D0C /* SpineSkeleton.m in Sources */,
				3300501418A8DD8F003F3D0C /* DZSpineSceneDescription.m in Sources */,
				33004FE418A8DD8F003F3D0C /* DZSpineLoader.m in Sources */,
				3300501018A8DD8F003F3D0C /* DZSpineSceneBuilder.m in Sources */,
				33004FF818A8DD8F003F3D0C /* SpineGeometry.m in Sources */,
				3300500818A8DD8F003F3D0C /* SpineTimeline.m in Sources */,
				33004FD018A8DD8F003F3D0C /* SkeletonData.c in Sources */,
				33004F9C18A8DD8F003F3D0C /* AtlasAttachmentLoader.c in Sources */,
				33004FA418A8DD8F003F3D0C /* AttachmentLoader.c in Sources */,
				33004FC818A8DD8F003F3D0C /* Skeleton.c in Sources */,
				3300502418A8DD8F003F3D0C /* DZSpineTexturePool.m in Sources */,
				33004FB018A8DD8F003F3D0C /* BoundingBoxAttachment.c in Sources */,
				33004CC918A8D33D003F3D0C /* SpineTestingTests.m in Sources */,
				3300501818A8DD8F003F3D0C /* DZSpineSceneTrack.m in Sources */,
				33004FA818A8DD8F003F3D0C /* Bone.c in Sources */,
				33004FAC18A8DD8F003F3D0C /* BoneData.c in Sources */,
				33004F9818A8DD8F003F3D0C /* Atlas.c in Sources */,
				33004F9018A8DD8F003F3D0C /* AnimationState.c in Sources */,
				33004FC418A8DD8F003F3D0C /* RegionAttachment.c in Sources */,
				33004FA018A8DD8F003F3D0C /* Attachment.c in Sources */,
				3300500418A8DD8F003F3D0C /* SpineSlot.m in Sources */,
				33004FCC18A8DD8F003F3D0C /* SkeletonBounds.c in Sources */,
				3300502018A8DD8F003F3D0C /* DZSpineSpriteKitMaps.m in Sources */,
				33004F8C18A8DD8F003F3D0C /* Animation.c in Sources */,
			);
			runOnlyForDeploymentPostprocessing = 0;
		};
		33004CD218A8D365003F3D0C /* Sources */ = {
			isa = PBXSourcesBuildPhase;
			buildActionMask = 2147483647;
			files = (
				33004FC518A8DD8F003F3D0C /* RegionAttachment.c in Sources */,
				33004FE118A8DD8F003F3D0C /* SlotData.c in Sources */,
				33004FA918A8DD8F003F3D0C /* Bone.c in Sources */,
				3300500518A8DD8F003F3D0C /* SpineSlot.m in Sources */,
				3300500118A8DD8F003F3D0C /* SpineSkeleton.m in Sources */,
				33004FAD18A8DD8F003F3D0C /* BoneData.c in Sources */,
				33004F9518A8DD8F003F3D0C /* AnimationStateData.c in Sources */,
				3300502518A8DD8F003F3D0C /* DZSpineTexturePool.m in Sources */,
				33004FB118A8DD8F003F3D0C /* BoundingBoxAttachment.c in Sources */,
				33004FD518A8DD8F003F3D0C /* SkeletonJson.c in Sources */,
				33004F9118A8DD8F003F3D0C /* AnimationState.c in Sources */,
				3300500918A8DD8F003F3D0C /* SpineTimeline.m in Sources */,
				33004FF518A8DD8F003F3D0C /* SpineBone.m in Sources */,
				33004FA518A8DD8F003F3D0C /* AttachmentLoader.c in Sources */,
				33004FC918A8DD8F003F3D0C /* Skeleton.c in Sources */,
				3300501118A8DD8F003F3D0C /* DZSpineSceneBuilder.m in Sources */,
				33004FFD18A8DD8F003F3D0C /* SpineSequence.m in Sources */,
				33004FF118A8DD8F003F3D0C /* SpineAttachment.m in Sources */,
				33004FD918A8DD8F003F3D0C /* Skin.c in Sources */,
				33004FBD18A8DD8F003F3D0C /* extension.c in Sources */,
				33004F9D18A8DD8F003F3D0C /* AtlasAttachmentLoader.c in Sources */,
				33004FDD18A8DD8F003F3D0C /* Slot.c in Sources */,
				33004D1418A8D398003F3D0C /* SGG_MyScene.m in Sources */,
				33004F8D18A8DD8F003F3D0C /* Animation.c in Sources */,
				33004FD118A8DD8F003F3D0C /* SkeletonData.c in Sources */,
				33004FE518A8DD8F003F3D0C /* DZSpineLoader.m in Sources */,
				33004FF918A8DD8F003F3D0C /* SpineGeometry.m in Sources */,
				3300501518A8DD8F003F3D0C /* DZSpineSceneDescription.m in Sources */,
				33004FB518A8DD8F003F3D0C /* Event.c in Sources */,
				3300501918A8DD8F003F3D0C /* DZSpineSceneTrack.m in Sources */,
				3300501D18A8DD8F003F3D0C /* DZSpineSpriteKitAnimation.m in Sources */,
				33004FED18A8DD8F003F3D0C /* SpineAnimation.m in Sources */,
				33004CE918A8D365003F3D0C /* SGG_AppDelegate.m in Sources */,
				33004FCD18A8DD8F003F3D0C /* SkeletonBounds.c in Sources */,
				33004FE918A8DD8F003F3D0C /* spine_adapt.m in Sources */,
				33004FA118A8DD8F003F3D0C /* Attachment.c in Sources */,
				3300502118A8DD8F003F3D0C /* DZSpineSpriteKitMaps.m in Sources */,
				33004FB918A8DD8F003F3D0C /* EventData.c in Sources */,
				33004FC118A8DD8F003F3D0C /* Json.c in Sources */,
				33004F9918A8DD8F003F3D0C /* Atlas.c in Sources */,
				33004CE518A8D365003F3D0C /* main.m in Sources */,
				3300500D18A8DD8F003F3D0C /* DZSpineScene.m in Sources */,
				33004CF218A8D365003F3D0C /* SGG_ViewController.m in Sources */,
			);
			runOnlyForDeploymentPostprocessing = 0;
		};
		33004CFA18A8D366003F3D0C /* Sources */ = {
			isa = PBXSourcesBuildPhase;
			buildActionMask = 2147483647;
			files = (
				33004FF218A8DD8F003F3D0C /* SpineAttachment.m in Sources */,
				33004FD618A8DD8F003F3D0C /* SkeletonJson.c in Sources */,
				33004FF618A8DD8F003F3D0C /* SpineBone.m in Sources */,
				33004FFE18A8DD8F003F3D0C /* SpineSequence.m in Sources */,
				33004FB618A8DD8F003F3D0C /* Event.c in Sources */,
				33004FC218A8DD8F003F3D0C /* Json.c in Sources */,
				3300500E18A8DD8F003F3D0C /* DZSpineScene.m in Sources */,
				33004FBE18A8DD8F003F3D0C /* extension.c in Sources */,
				33004FDA18A8DD8F003F3D0C /* Skin.c in Sources */,
				3300501E18A8DD8F003F3D0C /* DZSpineSpriteKitAnimation.m in Sources */,
				33004FEE18A8DD8F003F3D0C /* SpineAnimation.m in Sources */,
				33004FDE18A8DD8F003F3D0C /* Slot.c in Sources */,
				33004FEA18A8DD8F003F3D0C /* spine_adapt.m in Sources */,
				33004F9618A8DD8F003F3D0C /* AnimationStateData.c in Sources */,
				33004FE218A8DD8F003F3D0C /* SlotData.c in Sources */,
				33004FBA18A8DD8F003F3D0C /* EventData.c in Sources */,
				3300500218A8DD8F003F3D0C /* SpineSkeleton.m in Sources */,
				3300501618A8DD8F003F3D0C /* DZSpineSceneDescription.m in Sources */,
				33004FE618A8DD8F003F3D0C /* DZSpineLoader.m in Sources */,
				3300501218A8DD8F003F3D0C /* DZSpineSceneBuilder.m in Sources */,
				33004FFA18A8DD8F003F3D0C /* SpineGeometry.m in Sources */,
				3300500A18A8DD8F003F3D0C /* SpineTimeline.m in Sources */,
				33004FD218A8DD8F003F3D0C /* SkeletonData.c in Sources */,
				33004F9E18A8DD8F003F3D0C /* AtlasAttachmentLoader.c in Sources */,
				33004FA618A8DD8F003F3D0C /* AttachmentLoader.c in Sources */,
				33004FCA18A8DD8F003F3D0C /* Skeleton.c in Sources */,
				3300502618A8DD8F003F3D0C /* DZSpineTexturePool.m in Sources */,
				33004FB218A8DD8F003F3D0C /* BoundingBoxAttachment.c in Sources */,
				33004D0B18A8D366003F3D0C /* SpineTestingiOSTests.m in Sources */,
				3300501A18A8DD8F003F3D0C /* DZSpineSceneTrack.m in Sources */,
				33004FAA18A8DD8F003F3D0C /* Bone.c in Sources */,
				33004FAE18A8DD8F003F3D0C /* BoneData.c in Sources */,
				33004F9A18A8DD8F003F3D0C /* Atlas.c in Sources */,
				33004F9218A8DD8F003F3D0C /* AnimationState.c in Sources */,
				33004FC618A8DD8F003F3D0C /* RegionAttachment.c in Sources */,
				33004FA218A8DD8F003F3D0C /* Attachment.c in Sources */,
				3300500618A8DD8F003F3D0C /* SpineSlot.m in Sources */,
				33004FCE18A8DD8F003F3D0C /* SkeletonBounds.c in Sources */,
				3300502218A8DD8F003F3D0C /* DZSpineSpriteKitMaps.m in Sources */,
				33004F8E18A8DD8F003F3D0C /* Animation.c in Sources */,
			);
			runOnlyForDeploymentPostprocessing = 0;
		};
/* End PBXSourcesBuildPhase section */

/* Begin PBXTargetDependency section */
		33004CC118A8D33D003F3D0C /* PBXTargetDependency */ = {
			isa = PBXTargetDependency;
			target = 33004C9418A8D33D003F3D0C /* SpineTesting */;
			targetProxy = 33004CC018A8D33D003F3D0C /* PBXContainerItemProxy */;
		};
		33004D0318A8D366003F3D0C /* PBXTargetDependency */ = {
			isa = PBXTargetDependency;
			target = 33004CD518A8D365003F3D0C /* SpineTestingiOS */;
			targetProxy = 33004D0218A8D366003F3D0C /* PBXContainerItemProxy */;
		};
/* End PBXTargetDependency section */

/* Begin PBXVariantGroup section */
		33004CA318A8D33D003F3D0C /* InfoPlist.strings */ = {
			isa = PBXVariantGroup;
			children = (
				33004CA418A8D33D003F3D0C /* en */,
			);
			name = InfoPlist.strings;
			sourceTree = "<group>";
		};
		33004CA918A8D33D003F3D0C /* Credits.rtf */ = {
			isa = PBXVariantGroup;
			children = (
				33004CAA18A8D33D003F3D0C /* en */,
			);
			name = Credits.rtf;
			sourceTree = "<group>";
		};
		33004CC518A8D33D003F3D0C /* InfoPlist.strings */ = {
			isa = PBXVariantGroup;
			children = (
				33004CC618A8D33D003F3D0C /* en */,
			);
			name = InfoPlist.strings;
			sourceTree = "<group>";
		};
		33004CE118A8D365003F3D0C /* InfoPlist.strings */ = {
			isa = PBXVariantGroup;
			children = (
				33004CE218A8D365003F3D0C /* en */,
			);
			name = InfoPlist.strings;
			sourceTree = "<group>";
		};
		33004CEA18A8D365003F3D0C /* Main_iPhone.storyboard */ = {
			isa = PBXVariantGroup;
			children = (
				33004CEB18A8D365003F3D0C /* Base */,
			);
			name = Main_iPhone.storyboard;
			sourceTree = "<group>";
		};
		33004CED18A8D365003F3D0C /* Main_iPad.storyboard */ = {
			isa = PBXVariantGroup;
			children = (
				33004CEE18A8D365003F3D0C /* Base */,
			);
			name = Main_iPad.storyboard;
			sourceTree = "<group>";
		};
		33004D0718A8D366003F3D0C /* InfoPlist.strings */ = {
			isa = PBXVariantGroup;
			children = (
				33004D0818A8D366003F3D0C /* en */,
			);
			name = InfoPlist.strings;
			sourceTree = "<group>";
		};
/* End PBXVariantGroup section */

/* Begin XCBuildConfiguration section */
		33004CCA18A8D33D003F3D0C /* Debug */ = {
			isa = XCBuildConfiguration;
			buildSettings = {
				ALWAYS_SEARCH_USER_PATHS = NO;
				CLANG_CXX_LANGUAGE_STANDARD = "gnu++0x";
				CLANG_CXX_LIBRARY = "libc++";
				CLANG_ENABLE_OBJC_ARC = YES;
				CLANG_WARN_BOOL_CONVERSION = YES;
				CLANG_WARN_CONSTANT_CONVERSION = YES;
				CLANG_WARN_DIRECT_OBJC_ISA_USAGE = YES_ERROR;
				CLANG_WARN_EMPTY_BODY = YES;
				CLANG_WARN_ENUM_CONVERSION = YES;
				CLANG_WARN_INT_CONVERSION = YES;
				CLANG_WARN_OBJC_ROOT_CLASS = YES_ERROR;
				CLANG_WARN__DUPLICATE_METHOD_MATCH = YES;
				COPY_PHASE_STRIP = NO;
				GCC_C_LANGUAGE_STANDARD = gnu99;
				GCC_DYNAMIC_NO_PIC = NO;
				GCC_ENABLE_OBJC_EXCEPTIONS = YES;
				GCC_OPTIMIZATION_LEVEL = 0;
				GCC_PREPROCESSOR_DEFINITIONS = (
					"DEBUG=1",
					"$(inherited)",
				);
				GCC_SYMBOLS_PRIVATE_EXTERN = NO;
				GCC_WARN_64_TO_32_BIT_CONVERSION = YES;
				GCC_WARN_ABOUT_RETURN_TYPE = YES_ERROR;
				GCC_WARN_UNDECLARED_SELECTOR = YES;
				GCC_WARN_UNINITIALIZED_AUTOS = YES;
				GCC_WARN_UNUSED_FUNCTION = YES;
				GCC_WARN_UNUSED_VARIABLE = YES;
				MACOSX_DEPLOYMENT_TARGET = 10.9;
				ONLY_ACTIVE_ARCH = YES;
				SDKROOT = macosx;
			};
			name = Debug;
		};
		33004CCB18A8D33D003F3D0C /* Release */ = {
			isa = XCBuildConfiguration;
			buildSettings = {
				ALWAYS_SEARCH_USER_PATHS = NO;
				CLANG_CXX_LANGUAGE_STANDARD = "gnu++0x";
				CLANG_CXX_LIBRARY = "libc++";
				CLANG_ENABLE_OBJC_ARC = YES;
				CLANG_WARN_BOOL_CONVERSION = YES;
				CLANG_WARN_CONSTANT_CONVERSION = YES;
				CLANG_WARN_DIRECT_OBJC_ISA_USAGE = YES_ERROR;
				CLANG_WARN_EMPTY_BODY = YES;
				CLANG_WARN_ENUM_CONVERSION = YES;
				CLANG_WARN_INT_CONVERSION = YES;
				CLANG_WARN_OBJC_ROOT_CLASS = YES_ERROR;
				CLANG_WARN__DUPLICATE_METHOD_MATCH = YES;
				COPY_PHASE_STRIP = YES;
				DEBUG_INFORMATION_FORMAT = "dwarf-with-dsym";
				ENABLE_NS_ASSERTIONS = NO;
				GCC_C_LANGUAGE_STANDARD = gnu99;
				GCC_ENABLE_OBJC_EXCEPTIONS = YES;
				GCC_WARN_64_TO_32_BIT_CONVERSION = YES;
				GCC_WARN_ABOUT_RETURN_TYPE = YES_ERROR;
				GCC_WARN_UNDECLARED_SELECTOR = YES;
				GCC_WARN_UNINITIALIZED_AUTOS = YES;
				GCC_WARN_UNUSED_FUNCTION = YES;
				GCC_WARN_UNUSED_VARIABLE = YES;
				MACOSX_DEPLOYMENT_TARGET = 10.9;
				SDKROOT = macosx;
			};
			name = Release;
		};
		33004CCD18A8D33D003F3D0C /* Debug */ = {
			isa = XCBuildConfiguration;
			buildSettings = {
				ASSETCATALOG_COMPILER_APPICON_NAME = AppIcon;
				COMBINE_HIDPI_IMAGES = YES;
				GCC_PRECOMPILE_PREFIX_HEADER = YES;
				GCC_PREFIX_HEADER = "SpineTesting/SpineTesting-Prefix.pch";
				HEADER_SEARCH_PATHS = (
					"$(inherited)",
					/Applications/Xcode.app/Contents/Developer/Toolchains/XcodeDefault.xctoolchain/usr/include,
					"./spine-spritekit",
					"./spine-c/include",
				);
				INFOPLIST_FILE = "SpineTesting/SpineTesting-Info.plist";
				PRODUCT_NAME = "$(TARGET_NAME)";
				SPRITEKIT_TEXTURE_ATLAS_OUTPUT = YES;
				WRAPPER_EXTENSION = app;
			};
			name = Debug;
		};
		33004CCE18A8D33D003F3D0C /* Release */ = {
			isa = XCBuildConfiguration;
			buildSettings = {
				ASSETCATALOG_COMPILER_APPICON_NAME = AppIcon;
				COMBINE_HIDPI_IMAGES = YES;
				GCC_PRECOMPILE_PREFIX_HEADER = YES;
				GCC_PREFIX_HEADER = "SpineTesting/SpineTesting-Prefix.pch";
				HEADER_SEARCH_PATHS = (
					"$(inherited)",
					/Applications/Xcode.app/Contents/Developer/Toolchains/XcodeDefault.xctoolchain/usr/include,
					"./spine-spritekit",
					"./spine-c/include",
				);
				INFOPLIST_FILE = "SpineTesting/SpineTesting-Info.plist";
				PRODUCT_NAME = "$(TARGET_NAME)";
				SPRITEKIT_TEXTURE_ATLAS_OUTPUT = YES;
				WRAPPER_EXTENSION = app;
			};
			name = Release;
		};
		33004CD018A8D33D003F3D0C /* Debug */ = {
			isa = XCBuildConfiguration;
			buildSettings = {
				BUNDLE_LOADER = "$(BUILT_PRODUCTS_DIR)/SpineTesting.app/Contents/MacOS/SpineTesting";
				COMBINE_HIDPI_IMAGES = YES;
				FRAMEWORK_SEARCH_PATHS = (
					"$(DEVELOPER_FRAMEWORKS_DIR)",
					"$(inherited)",
				);
				GCC_PRECOMPILE_PREFIX_HEADER = YES;
				GCC_PREFIX_HEADER = "SpineTesting/SpineTesting-Prefix.pch";
				GCC_PREPROCESSOR_DEFINITIONS = (
					"DEBUG=1",
					"$(inherited)",
				);
				INFOPLIST_FILE = "SpineTestingTests/SpineTestingTests-Info.plist";
				PRODUCT_NAME = "$(TARGET_NAME)";
				TEST_HOST = "$(BUNDLE_LOADER)";
				WRAPPER_EXTENSION = xctest;
			};
			name = Debug;
		};
		33004CD118A8D33D003F3D0C /* Release */ = {
			isa = XCBuildConfiguration;
			buildSettings = {
				BUNDLE_LOADER = "$(BUILT_PRODUCTS_DIR)/SpineTesting.app/Contents/MacOS/SpineTesting";
				COMBINE_HIDPI_IMAGES = YES;
				FRAMEWORK_SEARCH_PATHS = (
					"$(DEVELOPER_FRAMEWORKS_DIR)",
					"$(inherited)",
				);
				GCC_PRECOMPILE_PREFIX_HEADER = YES;
				GCC_PREFIX_HEADER = "SpineTesting/SpineTesting-Prefix.pch";
				INFOPLIST_FILE = "SpineTestingTests/SpineTestingTests-Info.plist";
				PRODUCT_NAME = "$(TARGET_NAME)";
				TEST_HOST = "$(BUNDLE_LOADER)";
				WRAPPER_EXTENSION = xctest;
			};
			name = Release;
		};
		33004D0D18A8D366003F3D0C /* Debug */ = {
			isa = XCBuildConfiguration;
			buildSettings = {
				ARCHS = "$(ARCHS_STANDARD_INCLUDING_64_BIT)";
				ASSETCATALOG_COMPILER_APPICON_NAME = AppIcon;
				ASSETCATALOG_COMPILER_LAUNCHIMAGE_NAME = LaunchImage;
				CLANG_ENABLE_MODULES = YES;
				"CODE_SIGN_IDENTITY[sdk=iphoneos*]" = "iPhone Developer";
				FRAMEWORK_SEARCH_PATHS = (
					"$(inherited)",
					"$(DEVELOPER_FRAMEWORKS_DIR)",
				);
				GCC_PRECOMPILE_PREFIX_HEADER = YES;
				GCC_PREFIX_HEADER = "SpineTestingiOS/SpineTestingiOS-Prefix.pch";
				GCC_PREPROCESSOR_DEFINITIONS = (
					"DEBUG=1",
					"$(inherited)",
				);
				HEADER_SEARCH_PATHS = (
					"$(inherited)",
					/Applications/Xcode.app/Contents/Developer/Toolchains/XcodeDefault.xctoolchain/usr/include,
					"./spine-spritekit",
					"./spine-c/include",
				);
				INFOPLIST_FILE = "SpineTestingiOS/SpineTestingiOS-Info.plist";
				IPHONEOS_DEPLOYMENT_TARGET = 7.0;
				PRODUCT_NAME = "$(TARGET_NAME)";
				SDKROOT = iphoneos;
				SPRITEKIT_TEXTURE_ATLAS_OUTPUT = YES;
				TARGETED_DEVICE_FAMILY = "1,2";
				WRAPPER_EXTENSION = app;
			};
			name = Debug;
		};
		33004D0E18A8D366003F3D0C /* Release */ = {
			isa = XCBuildConfiguration;
			buildSettings = {
				ARCHS = "$(ARCHS_STANDARD_INCLUDING_64_BIT)";
				ASSETCATALOG_COMPILER_APPICON_NAME = AppIcon;
				ASSETCATALOG_COMPILER_LAUNCHIMAGE_NAME = LaunchImage;
				CLANG_ENABLE_MODULES = YES;
				"CODE_SIGN_IDENTITY[sdk=iphoneos*]" = "iPhone Developer";
				FRAMEWORK_SEARCH_PATHS = (
					"$(inherited)",
					"$(DEVELOPER_FRAMEWORKS_DIR)",
				);
				GCC_PRECOMPILE_PREFIX_HEADER = YES;
				GCC_PREFIX_HEADER = "SpineTestingiOS/SpineTestingiOS-Prefix.pch";
				HEADER_SEARCH_PATHS = (
					"$(inherited)",
					/Applications/Xcode.app/Contents/Developer/Toolchains/XcodeDefault.xctoolchain/usr/include,
					"./spine-spritekit",
					"./spine-c/include",
				);
				INFOPLIST_FILE = "SpineTestingiOS/SpineTestingiOS-Info.plist";
				IPHONEOS_DEPLOYMENT_TARGET = 7.0;
				PRODUCT_NAME = "$(TARGET_NAME)";
				SDKROOT = iphoneos;
				SPRITEKIT_TEXTURE_ATLAS_OUTPUT = YES;
				TARGETED_DEVICE_FAMILY = "1,2";
				VALIDATE_PRODUCT = YES;
				WRAPPER_EXTENSION = app;
			};
			name = Release;
		};
		33004D1018A8D366003F3D0C /* Debug */ = {
			isa = XCBuildConfiguration;
			buildSettings = {
				ARCHS = "$(ARCHS_STANDARD_INCLUDING_64_BIT)";
				BUNDLE_LOADER = "$(BUILT_PRODUCTS_DIR)/SpineTesting.app/Contents/MacOS/SpineTesting";
				CLANG_ENABLE_MODULES = YES;
				FRAMEWORK_SEARCH_PATHS = (
					"$(SDKROOT)/Developer/Library/Frameworks",
					"$(inherited)",
					"$(DEVELOPER_FRAMEWORKS_DIR)",
				);
				GCC_PRECOMPILE_PREFIX_HEADER = YES;
				GCC_PREFIX_HEADER = "SpineTestingiOS/SpineTestingiOS-Prefix.pch";
				GCC_PREPROCESSOR_DEFINITIONS = (
					"DEBUG=1",
					"$(inherited)",
				);
				INFOPLIST_FILE = "SpineTestingiOSTests/SpineTestingiOSTests-Info.plist";
				IPHONEOS_DEPLOYMENT_TARGET = 7.0;
				PRODUCT_NAME = "$(TARGET_NAME)";
				SDKROOT = iphoneos;
				TEST_HOST = "$(BUNDLE_LOADER)";
				WRAPPER_EXTENSION = xctest;
			};
			name = Debug;
		};
		33004D1118A8D366003F3D0C /* Release */ = {
			isa = XCBuildConfiguration;
			buildSettings = {
				ARCHS = "$(ARCHS_STANDARD_INCLUDING_64_BIT)";
				BUNDLE_LOADER = "$(BUILT_PRODUCTS_DIR)/SpineTesting.app/Contents/MacOS/SpineTesting";
				CLANG_ENABLE_MODULES = YES;
				FRAMEWORK_SEARCH_PATHS = (
					"$(SDKROOT)/Developer/Library/Frameworks",
					"$(inherited)",
					"$(DEVELOPER_FRAMEWORKS_DIR)",
				);
				GCC_PRECOMPILE_PREFIX_HEADER = YES;
				GCC_PREFIX_HEADER = "SpineTestingiOS/SpineTestingiOS-Prefix.pch";
				INFOPLIST_FILE = "SpineTestingiOSTests/SpineTestingiOSTests-Info.plist";
				IPHONEOS_DEPLOYMENT_TARGET = 7.0;
				PRODUCT_NAME = "$(TARGET_NAME)";
				SDKROOT = iphoneos;
				TEST_HOST = "$(BUNDLE_LOADER)";
				VALIDATE_PRODUCT = YES;
				WRAPPER_EXTENSION = xctest;
			};
			name = Release;
		};
/* End XCBuildConfiguration section */

/* Begin XCConfigurationList section */
		33004C9018A8D33D003F3D0C /* Build configuration list for PBXProject "SpineTesting" */ = {
			isa = XCConfigurationList;
			buildConfigurations = (
				33004CCA18A8D33D003F3D0C /* Debug */,
				33004CCB18A8D33D003F3D0C /* Release */,
			);
			defaultConfigurationIsVisible = 0;
			defaultConfigurationName = Release;
		};
		33004CCC18A8D33D003F3D0C /* Build configuration list for PBXNativeTarget "SpineTesting" */ = {
			isa = XCConfigurationList;
			buildConfigurations = (
				33004CCD18A8D33D003F3D0C /* Debug */,
				33004CCE18A8D33D003F3D0C /* Release */,
			);
			defaultConfigurationIsVisible = 0;
		};
		33004CCF18A8D33D003F3D0C /* Build configuration list for PBXNativeTarget "SpineTestingTests" */ = {
			isa = XCConfigurationList;
			buildConfigurations = (
				33004CD018A8D33D003F3D0C /* Debug */,
				33004CD118A8D33D003F3D0C /* Release */,
			);
			defaultConfigurationIsVisible = 0;
		};
		33004D0C18A8D366003F3D0C /* Build configuration list for PBXNativeTarget "SpineTestingiOS" */ = {
			isa = XCConfigurationList;
			buildConfigurations = (
				33004D0D18A8D366003F3D0C /* Debug */,
				33004D0E18A8D366003F3D0C /* Release */,
			);
			defaultConfigurationIsVisible = 0;
		};
		33004D0F18A8D366003F3D0C /* Build configuration list for PBXNativeTarget "SpineTestingiOSTests" */ = {
			isa = XCConfigurationList;
			buildConfigurations = (
				33004D1018A8D366003F3D0C /* Debug */,
				33004D1118A8D366003F3D0C /* Release */,
			);
			defaultConfigurationIsVisible = 0;
		};
/* End XCConfigurationList section */
	};
	rootObject = 33004C8D18A8D33D003F3D0C /* Project object */;
}
